// !$*UTF8*$!
{
	archiveVersion = 1;
	classes = {
	};
	objectVersion = 56;
	objects = {

/* Begin PBXBuildFile section */
		A1B2C3D401234567 /* ImageCacheService.swift in Sources */ = {isa = PBXBuildFile; fileRef = A1B2C3D401234568 /* ImageCacheService.swift */; };
		AA000001 /* CarDashboardAppApp.swift in Sources */ = {isa = PBXBuildFile; fileRef = AB000001 /* CarDashboardAppApp.swift */; };
		AA000007 /* SettingsViewModel.swift in Sources */ = {isa = PBXBuildFile; fileRef = AB000007 /* SettingsViewModel.swift */; };
		AA000010 /* MainTabView.swift in Sources */ = {isa = PBXBuildFile; fileRef = AB000010 /* MainTabView.swift */; };
		AA000011 /* DashboardView.swift in Sources */ = {isa = PBXBuildFile; fileRef = AB000011 /* DashboardView.swift */; };
		AA000013 /* SettingsView.swift in Sources */ = {isa = PBXBuildFile; fileRef = AB000013 /* SettingsView.swift */; };
		AA000014 /* GlassCard.swift in Sources */ = {isa = PBXBuildFile; fileRef = AB000014 /* GlassCard.swift */; };
		AA000018 /* LiquidGlassTabBar.swift in Sources */ = {isa = PBXBuildFile; fileRef = AB000018 /* LiquidGlassTabBar.swift */; };
		AA000020 /* SectionHeader.swift in Sources */ = {isa = PBXBuildFile; fileRef = AB000020 /* SectionHeader.swift */; };
		AA000022 /* Assets.xcassets in Resources */ = {isa = PBXBuildFile; fileRef = AB000022 /* Assets.xcassets */; };
		AA000023 /* RemoteAssets.swift in Sources */ = {isa = PBXBuildFile; fileRef = AB000023 /* RemoteAssets.swift */; };
		AA000025 /* DealershipStatsViewModel.swift in Sources */ = {isa = PBXBuildFile; fileRef = AB000025 /* DealershipStatsViewModel.swift */; };
		AA000026 /* DealershipStatComponents.swift in Sources */ = {isa = PBXBuildFile; fileRef = AB000026 /* DealershipStatComponents.swift */; };
		AA000027 /* PremiumGlass.swift in Sources */ = {isa = PBXBuildFile; fileRef = AB000027 /* PremiumGlass.swift */; };
		AA000028 /* ChatView.swift in Sources */ = {isa = PBXBuildFile; fileRef = AB000028 /* ChatView.swift */; };
		AA000030 /* ChatThread.swift in Sources */ = {isa = PBXBuildFile; fileRef = AB000030 /* ChatThread.swift */; };
		AA000031 /* ChatConversationView.swift in Sources */ = {isa = PBXBuildFile; fileRef = AB000031 /* ChatConversationView.swift */; };
		AA000032 /* ChatAvatarViews.swift in Sources */ = {isa = PBXBuildFile; fileRef = AB000032 /* ChatAvatarViews.swift */; };
		AA000033 /* ChatInboxStore.swift in Sources */ = {isa = PBXBuildFile; fileRef = AB000033 /* ChatInboxStore.swift */; };
		AA000034 /* Supabase in Frameworks */ = {isa = PBXBuildFile; productRef = AG000002 /* Supabase */; };
		AA000035 /* SupabaseClientProvider.swift in Sources */ = {isa = PBXBuildFile; fileRef = AB000034 /* SupabaseClientProvider.swift */; };
		AA000036 /* AuthViewModel.swift in Sources */ = {isa = PBXBuildFile; fileRef = AB000035 /* AuthViewModel.swift */; };
		AA000037 /* LoginView.swift in Sources */ = {isa = PBXBuildFile; fileRef = AB000036 /* LoginView.swift */; };
		AA000038 /* AuthRootView.swift in Sources */ = {isa = PBXBuildFile; fileRef = AB000037 /* AuthRootView.swift */; };
		AA000043 /* LeadCrm.swift in Sources */ = {isa = PBXBuildFile; fileRef = AB000042 /* LeadCrm.swift */; };
		AA000044 /* LeadsCrmService.swift in Sources */ = {isa = PBXBuildFile; fileRef = AB000043 /* LeadsCrmService.swift */; };
		AA000045 /* LeadsViewModel.swift in Sources */ = {isa = PBXBuildFile; fileRef = AB000044 /* LeadsViewModel.swift */; };
		AA000046 /* LeadsListView.swift in Sources */ = {isa = PBXBuildFile; fileRef = AB000045 /* LeadsListView.swift */; };
		AA000054 /* RevolutBackgroundView.swift in Sources */ = {isa = PBXBuildFile; fileRef = AB000053 /* RevolutBackgroundView.swift */; };
		AA000056 /* UserProfileService.swift in Sources */ = {isa = PBXBuildFile; fileRef = AB000055 /* UserProfileService.swift */; };
		AA000058 /* cab6b0cf98f7935fc0365a8ee1191735.mp4 in Resources */ = {isa = PBXBuildFile; fileRef = AB000057 /* cab6b0cf98f7935fc0365a8ee1191735.mp4 */; };
		AA000059 /* DashboardHomeVideoBackdrop.swift in Sources */ = {isa = PBXBuildFile; fileRef = AB000058 /* DashboardHomeVideoBackdrop.swift */; };
		AA000060 /* AppPINKeychain.swift in Sources */ = {isa = PBXBuildFile; fileRef = AB000059 /* AppPINKeychain.swift */; };
		AA000061 /* AppLockManager.swift in Sources */ = {isa = PBXBuildFile; fileRef = AB000060 /* AppLockManager.swift */; };
		AA000062 /* LockScreenView.swift in Sources */ = {isa = PBXBuildFile; fileRef = AB000061 /* LockScreenView.swift */; };
		AA000063 /* PINSetupView.swift in Sources */ = {isa = PBXBuildFile; fileRef = AB000062 /* PINSetupView.swift */; };
		AA000072 /* CommunityProfilesService.swift in Sources */ = {isa = PBXBuildFile; fileRef = AB000073 /* CommunityProfilesService.swift */; };
		AA000073 /* DashboardLocationHub.swift in Sources */ = {isa = PBXBuildFile; fileRef = AB000074 /* DashboardLocationHub.swift */; };
		AA000074 /* DashboardCommunityViewModel.swift in Sources */ = {isa = PBXBuildFile; fileRef = AB000075 /* DashboardCommunityViewModel.swift */; };
		AA000075 /* DashboardHomeRevolutSections.swift in Sources */ = {isa = PBXBuildFile; fileRef = AB000076 /* DashboardHomeRevolutSections.swift */; };
		AA000077 /* InvoiceHistoryStore.swift in Sources */ = {isa = PBXBuildFile; fileRef = AB000078 /* InvoiceHistoryStore.swift */; };
		AA000078 /* DashboardHubScreens.swift in Sources */ = {isa = PBXBuildFile; fileRef = AB000079 /* DashboardHubScreens.swift */; };
		AA000080 /* TeamLocationMapViews.swift in Sources */ = {isa = PBXBuildFile; fileRef = AB000080 /* TeamLocationMapViews.swift */; };
		AA000081 /* LiveSpeechTranscriber.swift in Sources */ = {isa = PBXBuildFile; fileRef = AB000081 /* LiveSpeechTranscriber.swift */; };
		AA000082 /* AppDelegate.swift in Sources */ = {isa = PBXBuildFile; fileRef = AB000082 /* AppDelegate.swift */; };
		AA000083 /* RemotePushRegistration.swift in Sources */ = {isa = PBXBuildFile; fileRef = AB000083 /* RemotePushRegistration.swift */; };
		AA000086 /* GIFAnimatedView.swift in Sources */ = {isa = PBXBuildFile; fileRef = AB000086 /* GIFAnimatedView.swift */; };
		AA000087 /* LoopingMutedBundledVideoView.swift in Sources */ = {isa = PBXBuildFile; fileRef = AB000087 /* LoopingMutedBundledVideoView.swift */; };
		AA000088 /* AIBuddyFondo.mp4 in Resources */ = {isa = PBXBuildFile; fileRef = AB000088 /* AIBuddyFondo.mp4 */; };
		AA000089 /* AIAssistantOrb.gif in Resources */ = {isa = PBXBuildFile; fileRef = AB000089 /* AIAssistantOrb.gif */; };
		AA000091 /* TeamDirectMessagesService.swift in Sources */ = {isa = PBXBuildFile; fileRef = AB000091 /* TeamDirectMessagesService.swift */; };
		AA000092 /* TeamGroupMessagesService.swift in Sources */ = {isa = PBXBuildFile; fileRef = AB000092 /* TeamGroupMessagesService.swift */; };
		AA000093 /* AudioWaveformMonitor.swift in Sources */ = {isa = PBXBuildFile; fileRef = AB000093 /* AudioWaveformMonitor.swift */; };
		AA000094 /* WaveformBarView.swift in Sources */ = {isa = PBXBuildFile; fileRef = AB000094 /* WaveformBarView.swift */; };
		AA000095 /* AudioWaveformView.swift in Sources */ = {isa = PBXBuildFile; fileRef = AB000095 /* AudioWaveformView.swift */; };
		AA000096 /* WaveformDemoView.swift in Sources */ = {isa = PBXBuildFile; fileRef = AB000096 /* WaveformDemoView.swift */; };
		AA000097 /* VieraChatRichContent.swift in Sources */ = {isa = PBXBuildFile; fileRef = AB000097 /* VieraChatRichContent.swift */; };
		AA000098 /* CoordinatorTaskPushActionHandler.swift in Sources */ = {isa = PBXBuildFile; fileRef = AB000098 /* CoordinatorTaskPushActionHandler.swift */; };
		AA0000F1 /* SoftphoneCallView.swift in Sources */ = {isa = PBXBuildFile; fileRef = AB0000F1 /* SoftphoneCallView.swift */; };
		AA000101 /* TeamDirectVoiceStorage.swift in Sources */ = {isa = PBXBuildFile; fileRef = AB000101 /* TeamDirectVoiceStorage.swift */; };
		AA000102 /* VoiceMessageWaveformExtractor.swift in Sources */ = {isa = PBXBuildFile; fileRef = AB000102 /* VoiceMessageWaveformExtractor.swift */; };
		AA000110 /* ContentModerationFilter.swift in Sources */ = {isa = PBXBuildFile; fileRef = AB000110 /* ContentModerationFilter.swift */; };
		AA000111 /* UserModerationService.swift in Sources */ = {isa = PBXBuildFile; fileRef = AB000111 /* UserModerationService.swift */; };
		AA000112 /* UserModerationStore.swift in Sources */ = {isa = PBXBuildFile; fileRef = AB000112 /* UserModerationStore.swift */; };
		AA000113 /* UGCTermsView.swift in Sources */ = {isa = PBXBuildFile; fileRef = AB000113 /* UGCTermsView.swift */; };
		AA000114 /* ContentReportSheet.swift in Sources */ = {isa = PBXBuildFile; fileRef = AB000114 /* ContentReportSheet.swift */; };
		AA000118 /* DashboardLeadsHomeSection.swift in Sources */ = {isa = PBXBuildFile; fileRef = AB000118 /* DashboardLeadsHomeSection.swift */; };
		AA000120 /* MessageNotificationService.swift in Sources */ = {isa = PBXBuildFile; fileRef = AB000120 /* MessageNotificationService.swift */; };
		AA000121 /* WorkdayStore.swift in Sources */ = {isa = PBXBuildFile; fileRef = AB000121 /* WorkdayStore.swift */; };
		AA000122 /* WorkdayView.swift in Sources */ = {isa = PBXBuildFile; fileRef = AB000122 /* WorkdayView.swift */; };
		AA000123 /* WorkdayNotificationService.swift in Sources */ = {isa = PBXBuildFile; fileRef = AB000123 /* WorkdayNotificationService.swift */; };
		AA000124 /* CrmAudioLoader.swift in Sources */ = {isa = PBXBuildFile; fileRef = AB000124 /* CrmAudioLoader.swift */; };
		AA000125 /* CallsHubView.swift in Sources */ = {isa = PBXBuildFile; fileRef = AB000125 /* CallsHubView.swift */; };
		AA000126 /* ProductsView.swift in Sources */ = {isa = PBXBuildFile; fileRef = AB000126 /* ProductsView.swift */; };
		AA000127 /* OrdersView.swift in Sources */ = {isa = PBXBuildFile; fileRef = AB000127 /* OrdersView.swift */; };
		AA000128 /* AffiliatesView.swift in Sources */ = {isa = PBXBuildFile; fileRef = AB000128 /* AffiliatesView.swift */; };
		AA000129 /* DashboardCommerceHomeSection.swift in Sources */ = {isa = PBXBuildFile; fileRef = AB000129 /* DashboardCommerceHomeSection.swift */; };
		AA000130 /* DashboardMonthlyCommissionsCard.swift in Sources */ = {isa = PBXBuildFile; fileRef = AB000130 /* DashboardMonthlyCommissionsCard.swift */; };
		AA000131 /* DrflowProductCatalog.swift in Sources */ = {isa = PBXBuildFile; fileRef = AB000131 /* DrflowProductCatalog.swift */; };
		AA000132 /* Product3DModelView.swift in Sources */ = {isa = PBXBuildFile; fileRef = AB000132 /* Product3DModelView.swift */; };
		AA000133 /* NAD +.glb in Resources */ = {isa = PBXBuildFile; fileRef = AB000133 /* NAD +.glb */; };
		AA000134 /* Traders Market Energy Focus.glb in Resources */ = {isa = PBXBuildFile; fileRef = AB000134 /* Traders Market Energy Focus.glb */; };
		AA000135 /* Traders Recovery Sleep & Wellness.glb in Resources */ = {isa = PBXBuildFile; fileRef = AB000135 /* Traders Recovery Sleep & Wellness.glb */; };
		AA000136 /* DrflowOrderCatalog.swift in Sources */ = {isa = PBXBuildFile; fileRef = AB000136 /* DrflowOrderCatalog.swift */; };
		AA000137 /* OrderDetailSimulationView.swift in Sources */ = {isa = PBXBuildFile; fileRef = AB000137 /* OrderDetailSimulationView.swift */; };
		AA000138 /* DrflowAffiliateCatalog.swift in Sources */ = {isa = PBXBuildFile; fileRef = AB000138 /* DrflowAffiliateCatalog.swift */; };
		AA000139 /* AffiliateDetailView.swift in Sources */ = {isa = PBXBuildFile; fileRef = AB000139 /* AffiliateDetailView.swift */; };
		AA000140 /* AffiliateStatisticsView.swift in Sources */ = {isa = PBXBuildFile; fileRef = AB000140 /* AffiliateStatisticsView.swift */; };
		AA000141 /* DrflowProductMetricsCatalog.swift in Sources */ = {isa = PBXBuildFile; fileRef = AB000141 /* DrflowProductMetricsCatalog.swift */; };
		AA000142 /* ProductMetricsView.swift in Sources */ = {isa = PBXBuildFile; fileRef = AB000142 /* ProductMetricsView.swift */; };
		AA000143 /* ShopifyOrdersService.swift in Sources */ = {isa = PBXBuildFile; fileRef = AB000143 /* ShopifyOrdersService.swift */; };
		AA00OAI1 /* OpenAIChatClient.swift in Sources */ = {isa = PBXBuildFile; fileRef = AB00OAI1 /* OpenAIChatClient.swift */; };
		AA00ORG1 /* OrgMembershipService.swift in Sources */ = {isa = PBXBuildFile; fileRef = AB00ORG1 /* OrgMembershipService.swift */; };
		AA0EM000 /* EmployeeManual in Resources */ = {isa = PBXBuildFile; fileRef = AB0EM000 /* EmployeeManual */; };
		AA0EM001 /* GControlEmployeeManualCatalog.swift in Sources */ = {isa = PBXBuildFile; fileRef = AB0EM001 /* GControlEmployeeManualCatalog.swift */; };
		AA0EM002 /* GControlEmployeeManualView.swift in Sources */ = {isa = PBXBuildFile; fileRef = AB0EM002 /* GControlEmployeeManualView.swift */; };
		AA0GRO00 /* GrooCareCatalog.swift in Sources */ = {isa = PBXBuildFile; fileRef = AB0GRO00 /* GrooCareCatalog.swift */; };
		AA0GRO01 /* GrooAppStore.swift in Sources */ = {isa = PBXBuildFile; fileRef = AB0GRO01 /* GrooAppStore.swift */; };
		AA0GRO02 /* GrooOnboardingFlow.swift in Sources */ = {isa = PBXBuildFile; fileRef = AB0GRO02 /* GrooOnboardingFlow.swift */; };
		AA0GRO03 /* GrooProfileSetupView.swift in Sources */ = {isa = PBXBuildFile; fileRef = AB0GRO03 /* GrooProfileSetupView.swift */; };
		AA0GRO04 /* GrooCareViews.swift in Sources */ = {isa = PBXBuildFile; fileRef = AB0GRO04 /* GrooCareViews.swift */; };
		AA0GRO05 /* GrooMentorChatView.swift in Sources */ = {isa = PBXBuildFile; fileRef = AB0GRO05 /* GrooMentorChatView.swift */; };
		AA0GRO06 /* GrooMainScreens.swift in Sources */ = {isa = PBXBuildFile; fileRef = AB0GRO06 /* GrooMainScreens.swift */; };
		AA0GRO08 /* GrooReminderNotificationService.swift in Sources */ = {isa = PBXBuildFile; fileRef = AB0GRO08 /* GrooReminderNotificationService.swift */; };
		AA0GRO09 /* GrooChatUI.swift in Sources */ = {isa = PBXBuildFile; fileRef = AB0GRO09 /* GrooChatUI.swift */; };
		AA0GRO0A /* GrooClinicBudgetService.swift in Sources */ = {isa = PBXBuildFile; fileRef = AB0GRO0A /* GrooClinicBudgetService.swift */; };
		AA0GRO0B /* GrooHomeView.swift in Sources */ = {isa = PBXBuildFile; fileRef = AB0GRO0B /* GrooHomeView.swift */; };
		AA0SMS01 /* GrooSmileStudioView.swift in Sources */ = {isa = PBXBuildFile; fileRef = AB0SMS01 /* GrooSmileStudioView.swift */; };
		AA0SMS02 /* GeminiSmileClient.swift in Sources */ = {isa = PBXBuildFile; fileRef = AB0SMS02 /* GeminiSmileClient.swift */; };
		AA0SMS03 /* GrooImageProcessing.swift in Sources */ = {isa = PBXBuildFile; fileRef = AB0SMS03 /* GrooImageProcessing.swift */; };
		AA0SMS04 /* GrooDentalArch3DView.swift in Sources */ = {isa = PBXBuildFile; fileRef = AB0SMS04 /* GrooDentalArch3DView.swift */; };
/* End PBXBuildFile section */

/* Begin PBXFileReference section */
		A1B2C3D401234568 /* ImageCacheService.swift */ = {isa = PBXFileReference; lastKnownFileType = sourcecode.swift; path = ImageCacheService.swift; sourceTree = "<group>"; };
		AB000000 /* GControl.app */ = {isa = PBXFileReference; explicitFileType = wrapper.application; includeInIndex = 0; path = GControl.app; sourceTree = BUILT_PRODUCTS_DIR; };
		AB000001 /* CarDashboardAppApp.swift */ = {isa = PBXFileReference; lastKnownFileType = sourcecode.swift; path = CarDashboardAppApp.swift; sourceTree = "<group>"; };
		AB000007 /* SettingsViewModel.swift */ = {isa = PBXFileReference; lastKnownFileType = sourcecode.swift; path = SettingsViewModel.swift; sourceTree = "<group>"; };
		AB000010 /* MainTabView.swift */ = {isa = PBXFileReference; lastKnownFileType = sourcecode.swift; path = MainTabView.swift; sourceTree = "<group>"; };
		AB000011 /* DashboardView.swift */ = {isa = PBXFileReference; lastKnownFileType = sourcecode.swift; path = DashboardView.swift; sourceTree = "<group>"; };
		AB000013 /* SettingsView.swift */ = {isa = PBXFileReference; lastKnownFileType = sourcecode.swift; path = SettingsView.swift; sourceTree = "<group>"; };
		AB000014 /* GlassCard.swift */ = {isa = PBXFileReference; lastKnownFileType = sourcecode.swift; path = GlassCard.swift; sourceTree = "<group>"; };
		AB000018 /* LiquidGlassTabBar.swift */ = {isa = PBXFileReference; lastKnownFileType = sourcecode.swift; path = LiquidGlassTabBar.swift; sourceTree = "<group>"; };
		AB000020 /* SectionHeader.swift */ = {isa = PBXFileReference; lastKnownFileType = sourcecode.swift; path = SectionHeader.swift; sourceTree = "<group>"; };
		AB000022 /* Assets.xcassets */ = {isa = PBXFileReference; lastKnownFileType = folder.assetcatalog; path = Assets.xcassets; sourceTree = "<group>"; };
		AB000023 /* RemoteAssets.swift */ = {isa = PBXFileReference; lastKnownFileType = sourcecode.swift; path = RemoteAssets.swift; sourceTree = "<group>"; };
		AB000025 /* DealershipStatsViewModel.swift */ = {isa = PBXFileReference; lastKnownFileType = sourcecode.swift; path = DealershipStatsViewModel.swift; sourceTree = "<group>"; };
		AB000026 /* DealershipStatComponents.swift */ = {isa = PBXFileReference; lastKnownFileType = sourcecode.swift; path = DealershipStatComponents.swift; sourceTree = "<group>"; };
		AB000027 /* PremiumGlass.swift */ = {isa = PBXFileReference; lastKnownFileType = sourcecode.swift; path = PremiumGlass.swift; sourceTree = "<group>"; };
		AB000028 /* ChatView.swift */ = {isa = PBXFileReference; lastKnownFileType = sourcecode.swift; path = ChatView.swift; sourceTree = "<group>"; };
		AB000030 /* ChatThread.swift */ = {isa = PBXFileReference; lastKnownFileType = sourcecode.swift; path = ChatThread.swift; sourceTree = "<group>"; };
		AB000031 /* ChatConversationView.swift */ = {isa = PBXFileReference; lastKnownFileType = sourcecode.swift; path = ChatConversationView.swift; sourceTree = "<group>"; };
		AB000032 /* ChatAvatarViews.swift */ = {isa = PBXFileReference; lastKnownFileType = sourcecode.swift; path = ChatAvatarViews.swift; sourceTree = "<group>"; };
		AB000033 /* ChatInboxStore.swift */ = {isa = PBXFileReference; lastKnownFileType = sourcecode.swift; path = ChatInboxStore.swift; sourceTree = "<group>"; };
		AB000034 /* SupabaseClientProvider.swift */ = {isa = PBXFileReference; lastKnownFileType = sourcecode.swift; path = SupabaseClientProvider.swift; sourceTree = "<group>"; };
		AB000035 /* AuthViewModel.swift */ = {isa = PBXFileReference; lastKnownFileType = sourcecode.swift; path = AuthViewModel.swift; sourceTree = "<group>"; };
		AB000036 /* LoginView.swift */ = {isa = PBXFileReference; lastKnownFileType = sourcecode.swift; path = LoginView.swift; sourceTree = "<group>"; };
		AB000037 /* AuthRootView.swift */ = {isa = PBXFileReference; lastKnownFileType = sourcecode.swift; path = AuthRootView.swift; sourceTree = "<group>"; };
		AB000042 /* LeadCrm.swift */ = {isa = PBXFileReference; lastKnownFileType = sourcecode.swift; path = LeadCrm.swift; sourceTree = "<group>"; };
		AB000043 /* LeadsCrmService.swift */ = {isa = PBXFileReference; lastKnownFileType = sourcecode.swift; path = LeadsCrmService.swift; sourceTree = "<group>"; };
		AB000044 /* LeadsViewModel.swift */ = {isa = PBXFileReference; lastKnownFileType = sourcecode.swift; path = LeadsViewModel.swift; sourceTree = "<group>"; };
		AB000045 /* LeadsListView.swift */ = {isa = PBXFileReference; lastKnownFileType = sourcecode.swift; path = LeadsListView.swift; sourceTree = "<group>"; };
		AB000053 /* RevolutBackgroundView.swift */ = {isa = PBXFileReference; lastKnownFileType = sourcecode.swift; path = RevolutBackgroundView.swift; sourceTree = "<group>"; };
		AB000055 /* UserProfileService.swift */ = {isa = PBXFileReference; lastKnownFileType = sourcecode.swift; path = UserProfileService.swift; sourceTree = "<group>"; };
		AB000057 /* cab6b0cf98f7935fc0365a8ee1191735.mp4 */ = {isa = PBXFileReference; lastKnownFileType = file; path = cab6b0cf98f7935fc0365a8ee1191735.mp4; sourceTree = "<group>"; };
		AB000058 /* DashboardHomeVideoBackdrop.swift */ = {isa = PBXFileReference; lastKnownFileType = sourcecode.swift; path = DashboardHomeVideoBackdrop.swift; sourceTree = "<group>"; };
		AB000059 /* AppPINKeychain.swift */ = {isa = PBXFileReference; lastKnownFileType = sourcecode.swift; path = AppPINKeychain.swift; sourceTree = "<group>"; };
		AB000060 /* AppLockManager.swift */ = {isa = PBXFileReference; lastKnownFileType = sourcecode.swift; path = AppLockManager.swift; sourceTree = "<group>"; };
		AB000061 /* LockScreenView.swift */ = {isa = PBXFileReference; lastKnownFileType = sourcecode.swift; path = LockScreenView.swift; sourceTree = "<group>"; };
		AB000062 /* PINSetupView.swift */ = {isa = PBXFileReference; lastKnownFileType = sourcecode.swift; path = PINSetupView.swift; sourceTree = "<group>"; };
		AB000065 /* DeveloperSettings.xcconfig */ = {isa = PBXFileReference; lastKnownFileType = text.xcconfig; path = DeveloperSettings.xcconfig; sourceTree = "<group>"; };
		AB000066 /* ExtraInfo.plist */ = {isa = PBXFileReference; lastKnownFileType = text.plist.xml; path = ExtraInfo.plist; sourceTree = "<group>"; };
		AB000073 /* CommunityProfilesService.swift */ = {isa = PBXFileReference; lastKnownFileType = sourcecode.swift; path = CommunityProfilesService.swift; sourceTree = "<group>"; };
		AB000074 /* DashboardLocationHub.swift */ = {isa = PBXFileReference; lastKnownFileType = sourcecode.swift; path = DashboardLocationHub.swift; sourceTree = "<group>"; };
		AB000075 /* DashboardCommunityViewModel.swift */ = {isa = PBXFileReference; lastKnownFileType = sourcecode.swift; path = DashboardCommunityViewModel.swift; sourceTree = "<group>"; };
		AB000076 /* DashboardHomeRevolutSections.swift */ = {isa = PBXFileReference; lastKnownFileType = sourcecode.swift; path = DashboardHomeRevolutSections.swift; sourceTree = "<group>"; };
		AB000078 /* InvoiceHistoryStore.swift */ = {isa = PBXFileReference; lastKnownFileType = sourcecode.swift; path = InvoiceHistoryStore.swift; sourceTree = "<group>"; };
		AB000079 /* DashboardHubScreens.swift */ = {isa = PBXFileReference; lastKnownFileType = sourcecode.swift; path = DashboardHubScreens.swift; sourceTree = "<group>"; };
		AB000080 /* TeamLocationMapViews.swift */ = {isa = PBXFileReference; lastKnownFileType = sourcecode.swift; path = TeamLocationMapViews.swift; sourceTree = "<group>"; };
		AB000081 /* LiveSpeechTranscriber.swift */ = {isa = PBXFileReference; lastKnownFileType = sourcecode.swift; path = LiveSpeechTranscriber.swift; sourceTree = "<group>"; };
		AB000082 /* AppDelegate.swift */ = {isa = PBXFileReference; lastKnownFileType = sourcecode.swift; path = AppDelegate.swift; sourceTree = "<group>"; };
		AB000083 /* RemotePushRegistration.swift */ = {isa = PBXFileReference; lastKnownFileType = sourcecode.swift; path = RemotePushRegistration.swift; sourceTree = "<group>"; };
		AB000084 /* CarDashboardApp.entitlements */ = {isa = PBXFileReference; lastKnownFileType = text.plist.entitlements; path = CarDashboardApp.entitlements; sourceTree = "<group>"; };
		AB000085 /* CarDashboardApp-Release.entitlements */ = {isa = PBXFileReference; lastKnownFileType = text.plist.entitlements; path = "CarDashboardApp-Release.entitlements"; sourceTree = "<group>"; };
		AB000086 /* GIFAnimatedView.swift */ = {isa = PBXFileReference; lastKnownFileType = sourcecode.swift; path = GIFAnimatedView.swift; sourceTree = "<group>"; };
		AB000087 /* LoopingMutedBundledVideoView.swift */ = {isa = PBXFileReference; lastKnownFileType = sourcecode.swift; path = LoopingMutedBundledVideoView.swift; sourceTree = "<group>"; };
		AB000088 /* AIBuddyFondo.mp4 */ = {isa = PBXFileReference; lastKnownFileType = file; path = AIBuddyFondo.mp4; sourceTree = "<group>"; };
		AB000089 /* AIAssistantOrb.gif */ = {isa = PBXFileReference; lastKnownFileType = image.gif; path = AIAssistantOrb.gif; sourceTree = "<group>"; };
		AB000091 /* TeamDirectMessagesService.swift */ = {isa = PBXFileReference; lastKnownFileType = sourcecode.swift; path = TeamDirectMessagesService.swift; sourceTree = "<group>"; };
		AB000092 /* TeamGroupMessagesService.swift */ = {isa = PBXFileReference; lastKnownFileType = sourcecode.swift; path = TeamGroupMessagesService.swift; sourceTree = "<group>"; };
		AB000093 /* AudioWaveformMonitor.swift */ = {isa = PBXFileReference; lastKnownFileType = sourcecode.swift; path = AudioWaveformMonitor.swift; sourceTree = "<group>"; };
		AB000094 /* WaveformBarView.swift */ = {isa = PBXFileReference; lastKnownFileType = sourcecode.swift; path = WaveformBarView.swift; sourceTree = "<group>"; };
		AB000095 /* AudioWaveformView.swift */ = {isa = PBXFileReference; lastKnownFileType = sourcecode.swift; path = AudioWaveformView.swift; sourceTree = "<group>"; };
		AB000096 /* WaveformDemoView.swift */ = {isa = PBXFileReference; lastKnownFileType = sourcecode.swift; path = WaveformDemoView.swift; sourceTree = "<group>"; };
		AB000097 /* VieraChatRichContent.swift */ = {isa = PBXFileReference; lastKnownFileType = sourcecode.swift; path = VieraChatRichContent.swift; sourceTree = "<group>"; };
		AB000098 /* CoordinatorTaskPushActionHandler.swift */ = {isa = PBXFileReference; lastKnownFileType = sourcecode.swift; path = CoordinatorTaskPushActionHandler.swift; sourceTree = "<group>"; };
		AB0000F1 /* SoftphoneCallView.swift */ = {isa = PBXFileReference; lastKnownFileType = sourcecode.swift; path = SoftphoneCallView.swift; sourceTree = "<group>"; };
		AB000101 /* TeamDirectVoiceStorage.swift */ = {isa = PBXFileReference; lastKnownFileType = sourcecode.swift; path = TeamDirectVoiceStorage.swift; sourceTree = "<group>"; };
		AB000102 /* VoiceMessageWaveformExtractor.swift */ = {isa = PBXFileReference; lastKnownFileType = sourcecode.swift; path = VoiceMessageWaveformExtractor.swift; sourceTree = "<group>"; };
		AB000110 /* ContentModerationFilter.swift */ = {isa = PBXFileReference; lastKnownFileType = sourcecode.swift; path = ContentModerationFilter.swift; sourceTree = "<group>"; };
		AB000111 /* UserModerationService.swift */ = {isa = PBXFileReference; lastKnownFileType = sourcecode.swift; path = UserModerationService.swift; sourceTree = "<group>"; };
		AB000112 /* UserModerationStore.swift */ = {isa = PBXFileReference; lastKnownFileType = sourcecode.swift; path = UserModerationStore.swift; sourceTree = "<group>"; };
		AB000113 /* UGCTermsView.swift */ = {isa = PBXFileReference; lastKnownFileType = sourcecode.swift; path = UGCTermsView.swift; sourceTree = "<group>"; };
		AB000114 /* ContentReportSheet.swift */ = {isa = PBXFileReference; lastKnownFileType = sourcecode.swift; path = ContentReportSheet.swift; sourceTree = "<group>"; };
		AB000118 /* DashboardLeadsHomeSection.swift */ = {isa = PBXFileReference; lastKnownFileType = sourcecode.swift; path = DashboardLeadsHomeSection.swift; sourceTree = "<group>"; };
		AB000120 /* MessageNotificationService.swift */ = {isa = PBXFileReference; lastKnownFileType = sourcecode.swift; path = MessageNotificationService.swift; sourceTree = "<group>"; };
		AB000121 /* WorkdayStore.swift */ = {isa = PBXFileReference; lastKnownFileType = sourcecode.swift; path = WorkdayStore.swift; sourceTree = "<group>"; };
		AB000122 /* WorkdayView.swift */ = {isa = PBXFileReference; lastKnownFileType = sourcecode.swift; path = WorkdayView.swift; sourceTree = "<group>"; };
		AB000123 /* WorkdayNotificationService.swift */ = {isa = PBXFileReference; lastKnownFileType = sourcecode.swift; path = WorkdayNotificationService.swift; sourceTree = "<group>"; };
		AB000124 /* CrmAudioLoader.swift */ = {isa = PBXFileReference; lastKnownFileType = sourcecode.swift; path = CrmAudioLoader.swift; sourceTree = "<group>"; };
		AB000125 /* CallsHubView.swift */ = {isa = PBXFileReference; lastKnownFileType = sourcecode.swift; path = CallsHubView.swift; sourceTree = "<group>"; };
		AB000126 /* ProductsView.swift */ = {isa = PBXFileReference; lastKnownFileType = sourcecode.swift; path = ProductsView.swift; sourceTree = "<group>"; };
		AB000127 /* OrdersView.swift */ = {isa = PBXFileReference; lastKnownFileType = sourcecode.swift; path = OrdersView.swift; sourceTree = "<group>"; };
		AB000128 /* AffiliatesView.swift */ = {isa = PBXFileReference; lastKnownFileType = sourcecode.swift; path = AffiliatesView.swift; sourceTree = "<group>"; };
		AB000129 /* DashboardCommerceHomeSection.swift */ = {isa = PBXFileReference; lastKnownFileType = sourcecode.swift; path = DashboardCommerceHomeSection.swift; sourceTree = "<group>"; };
		AB000130 /* DashboardMonthlyCommissionsCard.swift */ = {isa = PBXFileReference; lastKnownFileType = sourcecode.swift; path = DashboardMonthlyCommissionsCard.swift; sourceTree = "<group>"; };
		AB000131 /* DrflowProductCatalog.swift */ = {isa = PBXFileReference; lastKnownFileType = sourcecode.swift; path = DrflowProductCatalog.swift; sourceTree = "<group>"; };
		AB000132 /* Product3DModelView.swift */ = {isa = PBXFileReference; lastKnownFileType = sourcecode.swift; path = Product3DModelView.swift; sourceTree = "<group>"; };
		AB000133 /* NAD +.glb */ = {isa = PBXFileReference; lastKnownFileType = file; path = "NAD +.glb"; sourceTree = "<group>"; };
		AB000134 /* Traders Market Energy Focus.glb */ = {isa = PBXFileReference; lastKnownFileType = file; path = "Traders Market Energy Focus.glb"; sourceTree = "<group>"; };
		AB000135 /* Traders Recovery Sleep & Wellness.glb */ = {isa = PBXFileReference; lastKnownFileType = file; path = "Traders Recovery Sleep & Wellness.glb"; sourceTree = "<group>"; };
		AB000136 /* DrflowOrderCatalog.swift */ = {isa = PBXFileReference; lastKnownFileType = sourcecode.swift; path = DrflowOrderCatalog.swift; sourceTree = "<group>"; };
		AB000137 /* OrderDetailSimulationView.swift */ = {isa = PBXFileReference; lastKnownFileType = sourcecode.swift; path = OrderDetailSimulationView.swift; sourceTree = "<group>"; };
		AB000138 /* DrflowAffiliateCatalog.swift */ = {isa = PBXFileReference; lastKnownFileType = sourcecode.swift; path = DrflowAffiliateCatalog.swift; sourceTree = "<group>"; };
		AB000139 /* AffiliateDetailView.swift */ = {isa = PBXFileReference; lastKnownFileType = sourcecode.swift; path = AffiliateDetailView.swift; sourceTree = "<group>"; };
		AB000140 /* AffiliateStatisticsView.swift */ = {isa = PBXFileReference; lastKnownFileType = sourcecode.swift; path = AffiliateStatisticsView.swift; sourceTree = "<group>"; };
		AB000141 /* DrflowProductMetricsCatalog.swift */ = {isa = PBXFileReference; lastKnownFileType = sourcecode.swift; path = DrflowProductMetricsCatalog.swift; sourceTree = "<group>"; };
		AB000142 /* ProductMetricsView.swift */ = {isa = PBXFileReference; lastKnownFileType = sourcecode.swift; path = ProductMetricsView.swift; sourceTree = "<group>"; };
		AB000143 /* ShopifyOrdersService.swift */ = {isa = PBXFileReference; lastKnownFileType = sourcecode.swift; path = ShopifyOrdersService.swift; sourceTree = "<group>"; };
		AB00OAI1 /* OpenAIChatClient.swift */ = {isa = PBXFileReference; lastKnownFileType = sourcecode.swift; path = OpenAIChatClient.swift; sourceTree = "<group>"; };
		AB00ORG1 /* OrgMembershipService.swift */ = {isa = PBXFileReference; lastKnownFileType = sourcecode.swift; path = OrgMembershipService.swift; sourceTree = "<group>"; };
		AB0EM000 /* EmployeeManual */ = {isa = PBXFileReference; lastKnownFileType = folder; path = EmployeeManual; sourceTree = "<group>"; };
		AB0EM001 /* GControlEmployeeManualCatalog.swift */ = {isa = PBXFileReference; lastKnownFileType = sourcecode.swift; path = GControlEmployeeManualCatalog.swift; sourceTree = "<group>"; };
		AB0EM002 /* GControlEmployeeManualView.swift */ = {isa = PBXFileReference; lastKnownFileType = sourcecode.swift; path = GControlEmployeeManualView.swift; sourceTree = "<group>"; };
		AB0GRO00 /* GrooCareCatalog.swift */ = {isa = PBXFileReference; lastKnownFileType = sourcecode.swift; path = GrooCareCatalog.swift; sourceTree = "<group>"; };
		AB0GRO01 /* GrooAppStore.swift */ = {isa = PBXFileReference; lastKnownFileType = sourcecode.swift; path = GrooAppStore.swift; sourceTree = "<group>"; };
		AB0GRO02 /* GrooOnboardingFlow.swift */ = {isa = PBXFileReference; lastKnownFileType = sourcecode.swift; path = GrooOnboardingFlow.swift; sourceTree = "<group>"; };
		AB0GRO03 /* GrooProfileSetupView.swift */ = {isa = PBXFileReference; lastKnownFileType = sourcecode.swift; path = GrooProfileSetupView.swift; sourceTree = "<group>"; };
		AB0GRO04 /* GrooCareViews.swift */ = {isa = PBXFileReference; lastKnownFileType = sourcecode.swift; path = GrooCareViews.swift; sourceTree = "<group>"; };
		AB0GRO05 /* GrooMentorChatView.swift */ = {isa = PBXFileReference; lastKnownFileType = sourcecode.swift; path = GrooMentorChatView.swift; sourceTree = "<group>"; };
		AB0GRO06 /* GrooMainScreens.swift */ = {isa = PBXFileReference; lastKnownFileType = sourcecode.swift; path = GrooMainScreens.swift; sourceTree = "<group>"; };
		AB0GRO08 /* GrooReminderNotificationService.swift */ = {isa = PBXFileReference; lastKnownFileType = sourcecode.swift; path = GrooReminderNotificationService.swift; sourceTree = "<group>"; };
		AB0GRO09 /* GrooChatUI.swift */ = {isa = PBXFileReference; lastKnownFileType = sourcecode.swift; path = GrooChatUI.swift; sourceTree = "<group>"; };
		AB0GRO0A /* GrooClinicBudgetService.swift */ = {isa = PBXFileReference; lastKnownFileType = sourcecode.swift; path = GrooClinicBudgetService.swift; sourceTree = "<group>"; };
		AB0GRO0B /* GrooHomeView.swift */ = {isa = PBXFileReference; lastKnownFileType = sourcecode.swift; path = GrooHomeView.swift; sourceTree = "<group>"; };
		AB0SMS01 /* GrooSmileStudioView.swift */ = {isa = PBXFileReference; lastKnownFileType = sourcecode.swift; path = GrooSmileStudioView.swift; sourceTree = "<group>"; };
		AB0SMS02 /* GeminiSmileClient.swift */ = {isa = PBXFileReference; lastKnownFileType = sourcecode.swift; path = GeminiSmileClient.swift; sourceTree = "<group>"; };
		AB0SMS03 /* GrooImageProcessing.swift */ = {isa = PBXFileReference; lastKnownFileType = sourcecode.swift; path = GrooImageProcessing.swift; sourceTree = "<group>"; };
		AB0SMS04 /* GrooDentalArch3DView.swift */ = {isa = PBXFileReference; lastKnownFileType = sourcecode.swift; path = GrooDentalArch3DView.swift; sourceTree = "<group>"; };
/* End PBXFileReference section */

/* Begin PBXFrameworksBuildPhase section */
		AC000001 /* Frameworks */ = {
			isa = PBXFrameworksBuildPhase;
			buildActionMask = 2147483647;
			files = (
				AA000034 /* Supabase in Frameworks */,
			);
			runOnlyForDeploymentPostprocessing = 0;
		};
/* End PBXFrameworksBuildPhase section */

/* Begin PBXGroup section */
		AD000001 = {
			isa = PBXGroup;
			children = (
				AD000002 /* CarDashboardApp */,
				AD000009 /* Products */,
			);
			sourceTree = "<group>";
		};
		AD000002 /* CarDashboardApp */ = {
			isa = PBXGroup;
			children = (
				AB000065 /* DeveloperSettings.xcconfig */,
				AB000066 /* ExtraInfo.plist */,
				AB000084 /* CarDashboardApp.entitlements */,
				AB000085 /* CarDashboardApp-Release.entitlements */,
				AB000001 /* CarDashboardAppApp.swift */,
				AB000082 /* AppDelegate.swift */,
				AD000003 /* Models */,
				AD000004 /* ViewModels */,
				AD000005 /* Services */,
				AD000006 /* Views */,
				AD000007 /* Components */,
				AD000010 /* Design */,
				AD000008 /* Resources */,
				AD000012 /* Productos3D */,
				AB000022 /* Assets.xcassets */,
			);
			path = CarDashboardApp;
			sourceTree = "<group>";
		};
		AD000003 /* Models */ = {
			isa = PBXGroup;
			children = (
				AB0GRO00 /* GrooCareCatalog.swift */,
				AB0GRO01 /* GrooAppStore.swift */,
				AB0EM001 /* GControlEmployeeManualCatalog.swift */,
				AB000042 /* LeadCrm.swift */,
				AB000030 /* ChatThread.swift */,
				AB000033 /* ChatInboxStore.swift */,
				AB000121 /* WorkdayStore.swift */,
				AB000131 /* DrflowProductCatalog.swift */,
				AB000136 /* DrflowOrderCatalog.swift */,
				AB000138 /* DrflowAffiliateCatalog.swift */,
				AB000141 /* DrflowProductMetricsCatalog.swift */,
			);
			path = Models;
			sourceTree = "<group>";
		};
		AD000004 /* ViewModels */ = {
			isa = PBXGroup;
			children = (
				AB000025 /* DealershipStatsViewModel.swift */,
				AB000007 /* SettingsViewModel.swift */,
				AB000035 /* AuthViewModel.swift */,
				AB000044 /* LeadsViewModel.swift */,
				AB000075 /* DashboardCommunityViewModel.swift */,
				AB000060 /* AppLockManager.swift */,
				AB000112 /* UserModerationStore.swift */,
			);
			path = ViewModels;
			sourceTree = "<group>";
		};
		AD000005 /* Services */ = {
			isa = PBXGroup;
			children = (
				AB000034 /* SupabaseClientProvider.swift */,
				AB00OAI1 /* OpenAIChatClient.swift */,
				AB0SMS02 /* GeminiSmileClient.swift */,
				AB0SMS03 /* GrooImageProcessing.swift */,
				AB00ORG1 /* OrgMembershipService.swift */,
				AB000083 /* RemotePushRegistration.swift */,
				AB000120 /* MessageNotificationService.swift */,
				AB000123 /* WorkdayNotificationService.swift */,
				AB0GRO0A /* GrooClinicBudgetService.swift */,
				AB0GRO08 /* GrooReminderNotificationService.swift */,
				AB000055 /* UserProfileService.swift */,
				A1B2C3D401234568 /* ImageCacheService.swift */,
				AB000043 /* LeadsCrmService.swift */,
				AB000143 /* ShopifyOrdersService.swift */,
				AB000059 /* AppPINKeychain.swift */,
				AB000073 /* CommunityProfilesService.swift */,
				AB000091 /* TeamDirectMessagesService.swift */,
				AB000101 /* TeamDirectVoiceStorage.swift */,
				AB000124 /* CrmAudioLoader.swift */,
				AB000102 /* VoiceMessageWaveformExtractor.swift */,
				AB000092 /* TeamGroupMessagesService.swift */,
				AB000074 /* DashboardLocationHub.swift */,
				AB000078 /* InvoiceHistoryStore.swift */,
				AB000081 /* LiveSpeechTranscriber.swift */,
				AB000093 /* AudioWaveformMonitor.swift */,
				AB000098 /* CoordinatorTaskPushActionHandler.swift */,
				AB000110 /* ContentModerationFilter.swift */,
				AB000111 /* UserModerationService.swift */,
			);
			path = Services;
			sourceTree = "<group>";
		};
		AD000006 /* Views */ = {
			isa = PBXGroup;
			children = (
				AB0GRO02 /* GrooOnboardingFlow.swift */,
				AB0GRO03 /* GrooProfileSetupView.swift */,
				AB0GRO04 /* GrooCareViews.swift */,
				AB0GRO05 /* GrooMentorChatView.swift */,
				AB0GRO09 /* GrooChatUI.swift */,
				AB0GRO0B /* GrooHomeView.swift */,
				AB0EM002 /* GControlEmployeeManualView.swift */,
				AB0SMS01 /* GrooSmileStudioView.swift */,
				AB0GRO06 /* GrooMainScreens.swift */,
				AB000037 /* AuthRootView.swift */,
				AB000036 /* LoginView.swift */,
				AB000010 /* MainTabView.swift */,
				AB000011 /* DashboardView.swift */,
				AB000122 /* WorkdayView.swift */,
				AB000118 /* DashboardLeadsHomeSection.swift */,
				AB000079 /* DashboardHubScreens.swift */,
				AB000080 /* TeamLocationMapViews.swift */,
				AB000076 /* DashboardHomeRevolutSections.swift */,
				AB000126 /* ProductsView.swift */,
				AB000127 /* OrdersView.swift */,
				AB000137 /* OrderDetailSimulationView.swift */,
				AB000128 /* AffiliatesView.swift */,
				AB000139 /* AffiliateDetailView.swift */,
				AB000140 /* AffiliateStatisticsView.swift */,
				AB000142 /* ProductMetricsView.swift */,
				AB000129 /* DashboardCommerceHomeSection.swift */,
				AB000130 /* DashboardMonthlyCommissionsCard.swift */,
				AB000028 /* ChatView.swift */,
				AB000125 /* CallsHubView.swift */,
				AB000031 /* ChatConversationView.swift */,
				AB0000F1 /* SoftphoneCallView.swift */,
				AB000013 /* SettingsView.swift */,
				AB000045 /* LeadsListView.swift */,
				AB000061 /* LockScreenView.swift */,
				AB000062 /* PINSetupView.swift */,
				AB000094 /* WaveformBarView.swift */,
				AB000095 /* AudioWaveformView.swift */,
				AB000096 /* WaveformDemoView.swift */,
				AB000097 /* VieraChatRichContent.swift */,
				AB000113 /* UGCTermsView.swift */,
				AB000114 /* ContentReportSheet.swift */,
			);
			path = Views;
			sourceTree = "<group>";
		};
		AD000007 /* Components */ = {
			isa = PBXGroup;
			children = (
				AB000014 /* GlassCard.swift */,
				AB000018 /* LiquidGlassTabBar.swift */,
				AB000020 /* SectionHeader.swift */,
				AB000026 /* DealershipStatComponents.swift */,
				AB000032 /* ChatAvatarViews.swift */,
				AB000086 /* GIFAnimatedView.swift */,
				AB000087 /* LoopingMutedBundledVideoView.swift */,
				AB000132 /* Product3DModelView.swift */,
				AB0SMS04 /* GrooDentalArch3DView.swift */,
			);
			path = Components;
			sourceTree = "<group>";
		};
		AD000008 /* Resources */ = {
			isa = PBXGroup;
			children = (
				AD000011 /* ContractTemplates */,
				AB000023 /* RemoteAssets.swift */,
				AB000057 /* cab6b0cf98f7935fc0365a8ee1191735.mp4 */,
				AB000088 /* AIBuddyFondo.mp4 */,
				AB000089 /* AIAssistantOrb.gif */,
				AB0EM000 /* EmployeeManual */,
			);
			path = Resources;
			sourceTree = "<group>";
		};
		AD000009 /* Products */ = {
			isa = PBXGroup;
			children = (
				AB000000 /* GControl.app */,
			);
			name = Products;
			sourceTree = "<group>";
		};
		AD000010 /* Design */ = {
			isa = PBXGroup;
			children = (
				AB000053 /* RevolutBackgroundView.swift */,
				AB000058 /* DashboardHomeVideoBackdrop.swift */,
				AB000027 /* PremiumGlass.swift */,
			);
			path = Design;
			sourceTree = "<group>";
		};
		AD000011 /* ContractTemplates */ = {
			isa = PBXGroup;
			children = (
			);
			path = ContractTemplates;
			sourceTree = "<group>";
		};
		AD000012 /* Productos3D */ = {
			isa = PBXGroup;
			children = (
				AB000133 /* NAD +.glb */,
				AB000134 /* Traders Market Energy Focus.glb */,
				AB000135 /* Traders Recovery Sleep & Wellness.glb */,
			);
			name = Productos3D;
			path = Resources/Productos3d;
			sourceTree = "<group>";
		};
/* End PBXGroup section */

/* Begin PBXNativeTarget section */
		AE000001 /* GControl */ = {
			isa = PBXNativeTarget;
			buildConfigurationList = AF000003 /* Build configuration list for PBXNativeTarget "GControl" */;
			buildPhases = (
				AE000002 /* Sources */,
				AC000001 /* Frameworks */,
				AE000003 /* Resources */,
			);
			buildRules = (
			);
			dependencies = (
			);
			name = GControl;
			packageProductDependencies = (
				AG000002 /* Supabase */,
			);
			productName = GControl;
			productReference = AB000000 /* GControl.app */;
			productType = "com.apple.product-type.application";
		};
/* End PBXNativeTarget section */

/* Begin PBXProject section */
		AE000000 /* Project object */ = {
			isa = PBXProject;
			attributes = {
				BuildIndependentTargetsInParallel = 1;
				LastSwiftUpdateCheck = 1500;
				LastUpgradeCheck = 1500;
				TargetAttributes = {
					AE000001 = {
						CreatedOnToolsVersion = 15.0;
					};
				};
			};
			buildConfigurationList = AF000001 /* Build configuration list for PBXProject "GControl" */;
			compatibilityVersion = "Xcode 14.0";
			developmentRegion = es;
			hasScannedForEncodings = 0;
			knownRegions = (
				es,
				Base,
			);
			mainGroup = AD000001;
			packageReferences = (
				AG000001 /* XCRemoteSwiftPackageReference "supabase-swift" */,
			);
			productRefGroup = AD000009 /* Products */;
			projectDirPath = "";
			projectRoot = "";
			targets = (
				AE000001 /* GControl */,
			);
		};
/* End PBXProject section */

/* Begin PBXResourcesBuildPhase section */
		AE000003 /* Resources */ = {
			isa = PBXResourcesBuildPhase;
			buildActionMask = 2147483647;
			files = (
				AA000022 /* Assets.xcassets in Resources */,
				AA000058 /* cab6b0cf98f7935fc0365a8ee1191735.mp4 in Resources */,
				AA000088 /* AIBuddyFondo.mp4 in Resources */,
				AA000089 /* AIAssistantOrb.gif in Resources */,
				AA000133 /* NAD +.glb in Resources */,
				AA000134 /* Traders Market Energy Focus.glb in Resources */,
				AA000135 /* Traders Recovery Sleep & Wellness.glb in Resources */,
				AA0EM000 /* EmployeeManual in Resources */,
			);
			runOnlyForDeploymentPostprocessing = 0;
		};
/* End PBXResourcesBuildPhase section */

/* Begin PBXSourcesBuildPhase section */
		AE000002 /* Sources */ = {
			isa = PBXSourcesBuildPhase;
			buildActionMask = 2147483647;
			files = (
				AA000001 /* CarDashboardAppApp.swift in Sources */,
				AA000082 /* AppDelegate.swift in Sources */,
				AA000007 /* SettingsViewModel.swift in Sources */,
				AA000010 /* MainTabView.swift in Sources */,
				AA0GRO0B /* GrooHomeView.swift in Sources */,
				AA0EM001 /* GControlEmployeeManualCatalog.swift in Sources */,
				AA0EM002 /* GControlEmployeeManualView.swift in Sources */,
				AA0SMS01 /* GrooSmileStudioView.swift in Sources */,
				AA0SMS02 /* GeminiSmileClient.swift in Sources */,
				AA0SMS03 /* GrooImageProcessing.swift in Sources */,
				AA0SMS04 /* GrooDentalArch3DView.swift in Sources */,
				AA0GRO06 /* GrooMainScreens.swift in Sources */,
				AA0GRO05 /* GrooMentorChatView.swift in Sources */,
				AA0GRO09 /* GrooChatUI.swift in Sources */,
				AA0GRO04 /* GrooCareViews.swift in Sources */,
				AA0GRO03 /* GrooProfileSetupView.swift in Sources */,
				AA0GRO02 /* GrooOnboardingFlow.swift in Sources */,
				AA0GRO01 /* GrooAppStore.swift in Sources */,
				AA0GRO00 /* GrooCareCatalog.swift in Sources */,
				AA00OAI1 /* OpenAIChatClient.swift in Sources */,
				AA000011 /* DashboardView.swift in Sources */,
				AA000118 /* DashboardLeadsHomeSection.swift in Sources */,
				AA000120 /* MessageNotificationService.swift in Sources */,
				AA000121 /* WorkdayStore.swift in Sources */,
				AA000122 /* WorkdayView.swift in Sources */,
				AA000123 /* WorkdayNotificationService.swift in Sources */,
				AA0GRO0A /* GrooClinicBudgetService.swift in Sources */,
				AA0GRO08 /* GrooReminderNotificationService.swift in Sources */,
				AA000124 /* CrmAudioLoader.swift in Sources */,
				AA000126 /* ProductsView.swift in Sources */,
				AA000127 /* OrdersView.swift in Sources */,
				AA000137 /* OrderDetailSimulationView.swift in Sources */,
				AA000128 /* AffiliatesView.swift in Sources */,
				AA000129 /* DashboardCommerceHomeSection.swift in Sources */,
				AA000130 /* DashboardMonthlyCommissionsCard.swift in Sources */,
				AA000131 /* DrflowProductCatalog.swift in Sources */,
				AA000136 /* DrflowOrderCatalog.swift in Sources */,
				AA000138 /* DrflowAffiliateCatalog.swift in Sources */,
				AA000139 /* AffiliateDetailView.swift in Sources */,
				AA000140 /* AffiliateStatisticsView.swift in Sources */,
				AA000141 /* DrflowProductMetricsCatalog.swift in Sources */,
				AA000142 /* ProductMetricsView.swift in Sources */,
				AA000143 /* ShopifyOrdersService.swift in Sources */,
				AA000132 /* Product3DModelView.swift in Sources */,
				AA000013 /* SettingsView.swift in Sources */,
				AA000014 /* GlassCard.swift in Sources */,
				AA000018 /* LiquidGlassTabBar.swift in Sources */,
				AA000020 /* SectionHeader.swift in Sources */,
				AA000023 /* RemoteAssets.swift in Sources */,
				AA000025 /* DealershipStatsViewModel.swift in Sources */,
				AA000026 /* DealershipStatComponents.swift in Sources */,
				AA000027 /* PremiumGlass.swift in Sources */,
				AA000028 /* ChatView.swift in Sources */,
				AA000125 /* CallsHubView.swift in Sources */,
				AA000030 /* ChatThread.swift in Sources */,
				AA000033 /* ChatInboxStore.swift in Sources */,
				AA000031 /* ChatConversationView.swift in Sources */,
				AA0000F1 /* SoftphoneCallView.swift in Sources */,
				AA000032 /* ChatAvatarViews.swift in Sources */,
				AA000035 /* SupabaseClientProvider.swift in Sources */,
				AA00ORG1 /* OrgMembershipService.swift in Sources */,
				AA000083 /* RemotePushRegistration.swift in Sources */,
				AA000056 /* UserProfileService.swift in Sources */,
				AA000036 /* AuthViewModel.swift in Sources */,
				AA000037 /* LoginView.swift in Sources */,
				AA000038 /* AuthRootView.swift in Sources */,
				AA000043 /* LeadCrm.swift in Sources */,
				AA000044 /* LeadsCrmService.swift in Sources */,
				AA000045 /* LeadsViewModel.swift in Sources */,
				AA000046 /* LeadsListView.swift in Sources */,
				A1B2C3D401234567 /* ImageCacheService.swift in Sources */,
				AA000054 /* RevolutBackgroundView.swift in Sources */,
				AA000059 /* DashboardHomeVideoBackdrop.swift in Sources */,
				AA000060 /* AppPINKeychain.swift in Sources */,
				AA000061 /* AppLockManager.swift in Sources */,
				AA000062 /* LockScreenView.swift in Sources */,
				AA000063 /* PINSetupView.swift in Sources */,
				AA000072 /* CommunityProfilesService.swift in Sources */,
				AA000091 /* TeamDirectMessagesService.swift in Sources */,
				AA000101 /* TeamDirectVoiceStorage.swift in Sources */,
				AA000102 /* VoiceMessageWaveformExtractor.swift in Sources */,
				AA000092 /* TeamGroupMessagesService.swift in Sources */,
				AA000073 /* DashboardLocationHub.swift in Sources */,
				AA000074 /* DashboardCommunityViewModel.swift in Sources */,
				AA000075 /* DashboardHomeRevolutSections.swift in Sources */,
				AA000077 /* InvoiceHistoryStore.swift in Sources */,
				AA000078 /* DashboardHubScreens.swift in Sources */,
				AA000080 /* TeamLocationMapViews.swift in Sources */,
				AA000081 /* LiveSpeechTranscriber.swift in Sources */,
				AA000093 /* AudioWaveformMonitor.swift in Sources */,
				AA000094 /* WaveformBarView.swift in Sources */,
				AA000095 /* AudioWaveformView.swift in Sources */,
				AA000096 /* WaveformDemoView.swift in Sources */,
				AA000097 /* VieraChatRichContent.swift in Sources */,
				AA000098 /* CoordinatorTaskPushActionHandler.swift in Sources */,
				AA000086 /* GIFAnimatedView.swift in Sources */,
				AA000087 /* LoopingMutedBundledVideoView.swift in Sources */,
				AA000110 /* ContentModerationFilter.swift in Sources */,
				AA000111 /* UserModerationService.swift in Sources */,
				AA000112 /* UserModerationStore.swift in Sources */,
				AA000113 /* UGCTermsView.swift in Sources */,
				AA000114 /* ContentReportSheet.swift in Sources */,
			);
			runOnlyForDeploymentPostprocessing = 0;
		};
/* End PBXSourcesBuildPhase section */

/* Begin XCBuildConfiguration section */
		AF000001D /* Debug */ = {
			isa = XCBuildConfiguration;
			buildSettings = {
				ALWAYS_SEARCH_USER_PATHS = NO;
				ASSETCATALOG_COMPILER_GENERATE_SWIFT_ASSET_SYMBOL_EXTENSIONS = YES;
				CLANG_ANALYZER_NONNULL = YES;
				CLANG_ANALYZER_NUMBER_OBJECT_CONVERSION = YES_AGGRESSIVE;
				CLANG_CXX_LANGUAGE_STANDARD = "gnu++20";
				CLANG_ENABLE_MODULES = YES;
				CLANG_ENABLE_OBJC_ARC = YES;
				CLANG_ENABLE_OBJC_WEAK = YES;
				CLANG_WARN_BLOCK_CAPTURE_AUTORELEASING = YES;
				CLANG_WARN_BOOL_CONVERSION = YES;
				CLANG_WARN_COMMA = YES;
				CLANG_WARN_CONSTANT_CONVERSION = YES;
				CLANG_WARN_DEPRECATED_OBJC_IMPLEMENTATIONS = YES;
				CLANG_WARN_DIRECT_OBJC_ISA_USAGE = YES_ERROR;
				CLANG_WARN_DOCUMENTATION_COMMENTS = YES;
				CLANG_WARN_EMPTY_BODY = YES;
				CLANG_WARN_ENUM_CONVERSION = YES;
				CLANG_WARN_INFINITE_RECURSION = YES;
				CLANG_WARN_INT_CONVERSION = YES;
				CLANG_WARN_NON_LITERAL_NULL_CONVERSION = YES;
				CLANG_WARN_OBJC_IMPLICIT_RETAIN_SELF = YES;
				CLANG_WARN_OBJC_LITERAL_CONVERSION = YES;
				CLANG_WARN_OBJC_ROOT_CLASS = YES_ERROR;
				CLANG_WARN_QUOTED_INCLUDE_IN_FRAMEWORK_HEADER = YES;
				CLANG_WARN_RANGE_LOOP_ANALYSIS = YES;
				CLANG_WARN_STRICT_PROTOTYPES = YES;
				CLANG_WARN_SUSPICIOUS_MOVE = YES;
				CLANG_WARN_UNGUARDED_AVAILABILITY = YES_AGGRESSIVE;
				CLANG_WARN_UNREACHABLE_CODE = YES;
				CLANG_WARN__DUPLICATE_METHOD_MATCH = YES;
				COPY_PHASE_STRIP = NO;
				DEBUG_INFORMATION_FORMAT = dwarf;
				ENABLE_STRICT_OBJC_MSGSEND = YES;
				ENABLE_TESTABILITY = YES;
				ENABLE_USER_SCRIPT_SANDBOXING = YES;
				GCC_C_LANGUAGE_STANDARD = gnu17;
				GCC_DYNAMIC_NO_PIC = NO;
				GCC_NO_COMMON_BLOCKS = YES;
				GCC_OPTIMIZATION_LEVEL = 0;
				GCC_PREPROCESSOR_DEFINITIONS = (
					"DEBUG=1",
					"$(inherited)",
				);
				GCC_WARN_64_TO_32_BIT_CONVERSION = YES;
				GCC_WARN_ABOUT_RETURN_TYPE = YES_ERROR;
				GCC_WARN_UNDECLARED_SELECTOR = YES;
				GCC_WARN_UNINITIALIZED_AUTOS = YES_AGGRESSIVE;
				GCC_WARN_UNUSED_FUNCTION = YES;
				GCC_WARN_UNUSED_VARIABLE = YES;
				IPHONEOS_DEPLOYMENT_TARGET = 26.0;
				LOCALIZATION_PREFERS_STRING_CATALOGS = YES;
				MTL_ENABLE_DEBUG_INFO = INCLUDE_SOURCE;
				MTL_FAST_MATH = YES;
				ONLY_ACTIVE_ARCH = YES;
				SDKROOT = iphoneos;
				SWIFT_ACTIVE_COMPILATION_CONDITIONS = "DEBUG $(inherited)";
				SWIFT_ENABLE_EXPLICIT_MODULES = NO;
				SWIFT_OPTIMIZATION_LEVEL = "-Onone";
			};
			name = Debug;
		};
		AF000001R /* Release */ = {
			isa = XCBuildConfiguration;
			buildSettings = {
				ALWAYS_SEARCH_USER_PATHS = NO;
				ASSETCATALOG_COMPILER_GENERATE_SWIFT_ASSET_SYMBOL_EXTENSIONS = YES;
				CLANG_ANALYZER_NONNULL = YES;
				CLANG_ANALYZER_NUMBER_OBJECT_CONVERSION = YES_AGGRESSIVE;
				CLANG_CXX_LANGUAGE_STANDARD = "gnu++20";
				CLANG_ENABLE_MODULES = YES;
				CLANG_ENABLE_OBJC_ARC = YES;
				CLANG_ENABLE_OBJC_WEAK = YES;
				CLANG_WARN_BLOCK_CAPTURE_AUTORELEASING = YES;
				CLANG_WARN_BOOL_CONVERSION = YES;
				CLANG_WARN_COMMA = YES;
				CLANG_WARN_CONSTANT_CONVERSION = YES;
				CLANG_WARN_DEPRECATED_OBJC_IMPLEMENTATIONS = YES;
				CLANG_WARN_DIRECT_OBJC_ISA_USAGE = YES_ERROR;
				CLANG_WARN_DOCUMENTATION_COMMENTS = YES;
				CLANG_WARN_EMPTY_BODY = YES;
				CLANG_WARN_ENUM_CONVERSION = YES;
				CLANG_WARN_INFINITE_RECURSION = YES;
				CLANG_WARN_INT_CONVERSION = YES;
				CLANG_WARN_NON_LITERAL_NULL_CONVERSION = YES;
				CLANG_WARN_OBJC_IMPLICIT_RETAIN_SELF = YES;
				CLANG_WARN_OBJC_LITERAL_CONVERSION = YES;
				CLANG_WARN_OBJC_ROOT_CLASS = YES_ERROR;
				CLANG_WARN_QUOTED_INCLUDE_IN_FRAMEWORK_HEADER = YES;
				CLANG_WARN_RANGE_LOOP_ANALYSIS = YES;
				CLANG_WARN_STRICT_PROTOTYPES = YES;
				CLANG_WARN_SUSPICIOUS_MOVE = YES;
				CLANG_WARN_UNGUARDED_AVAILABILITY = YES_AGGRESSIVE;
				CLANG_WARN_UNREACHABLE_CODE = YES;
				CLANG_WARN__DUPLICATE_METHOD_MATCH = YES;
				COPY_PHASE_STRIP = NO;
				DEBUG_INFORMATION_FORMAT = "dwarf-with-dsym";
				ENABLE_NS_ASSERTIONS = NO;
				ENABLE_STRICT_OBJC_MSGSEND = YES;
				ENABLE_USER_SCRIPT_SANDBOXING = YES;
				GCC_C_LANGUAGE_STANDARD = gnu17;
				GCC_NO_COMMON_BLOCKS = YES;
				GCC_WARN_64_TO_32_BIT_CONVERSION = YES;
				GCC_WARN_ABOUT_RETURN_TYPE = YES_ERROR;
				GCC_WARN_UNDECLARED_SELECTOR = YES;
				GCC_WARN_UNINITIALIZED_AUTOS = YES_AGGRESSIVE;
				GCC_WARN_UNUSED_FUNCTION = YES;
				GCC_WARN_UNUSED_VARIABLE = YES;
				IPHONEOS_DEPLOYMENT_TARGET = 26.0;
				LOCALIZATION_PREFERS_STRING_CATALOGS = YES;
				MTL_ENABLE_DEBUG_INFO = NO;
				MTL_FAST_MATH = YES;
				SDKROOT = iphoneos;
				SWIFT_COMPILATION_MODE = wholemodule;
				SWIFT_ENABLE_EXPLICIT_MODULES = NO;
				VALIDATE_PRODUCT = YES;
			};
			name = Release;
		};
		AF000002D /* Debug */ = {
			isa = XCBuildConfiguration;
			baseConfigurationReference = AB000065 /* DeveloperSettings.xcconfig */;
			buildSettings = {
				ASSETCATALOG_COMPILER_APPICON_NAME = AppIcon;
				ASSETCATALOG_COMPILER_GLOBAL_ACCENT_COLOR_NAME = AccentColor;
				CODE_SIGN_ENTITLEMENTS = CarDashboardApp/CarDashboardApp.entitlements;
				CODE_SIGN_IDENTITY = "Apple Development";
				CODE_SIGN_STYLE = Automatic;
				CURRENT_PROJECT_VERSION = 2;
				DEVELOPMENT_TEAM = T6PX988URP;
				ENABLE_DEBUG_DYLIB = NO;
				GENERATE_INFOPLIST_FILE = YES;
				INFOPLIST_FILE = CarDashboardApp/ExtraInfo.plist;
				INFOPLIST_KEY_CFBundleDisplayName = GControl;
				INFOPLIST_KEY_LSApplicationCategoryType = "public.app-category.business";
				INFOPLIST_KEY_NSFaceIDUsageDescription = "GControl uses Face ID to protect access to your clinic account.";
				INFOPLIST_KEY_NSLocationWhenInUseUsageDescription = "GControl may use your location for clinic-related features when enabled.";
				INFOPLIST_KEY_UIApplicationSceneManifest_Generation = NO;
				INFOPLIST_KEY_UIApplicationSupportsIndirectInputEvents = YES;
				INFOPLIST_KEY_UILaunchScreen_Generation = YES;
				INFOPLIST_KEY_UISupportedInterfaceOrientations_iPad = "UIInterfaceOrientationPortrait UIInterfaceOrientationPortraitUpsideDown UIInterfaceOrientationLandscapeLeft UIInterfaceOrientationLandscapeRight";
				INFOPLIST_KEY_UISupportedInterfaceOrientations_iPhone = UIInterfaceOrientationPortrait;
				LD_RUNPATH_SEARCH_PATHS = (
					"$(inherited)",
					"@executable_path/Frameworks",
				);
				MARKETING_VERSION = 1.0.5;
				PRODUCT_BUNDLE_IDENTIFIER = com.grooapp.app;
				PRODUCT_NAME = "$(TARGET_NAME)";
				PROVISIONING_PROFILE_SPECIFIER = "";
				SWIFT_EMIT_LOC_STRINGS = YES;
				SWIFT_VERSION = 5.0;
				TARGETED_DEVICE_FAMILY = "1,2";
			};
			name = Debug;
		};
		AF000002R /* Release */ = {
			isa = XCBuildConfiguration;
			baseConfigurationReference = AB000065 /* DeveloperSettings.xcconfig */;
			buildSettings = {
				ASSETCATALOG_COMPILER_APPICON_NAME = AppIcon;
				ASSETCATALOG_COMPILER_GLOBAL_ACCENT_COLOR_NAME = AccentColor;
				CODE_SIGN_ENTITLEMENTS = "CarDashboardApp/CarDashboardApp-Release.entitlements";
				CODE_SIGN_IDENTITY = "Apple Development";
				CODE_SIGN_STYLE = Automatic;
				CURRENT_PROJECT_VERSION = 2;
				DEVELOPMENT_TEAM = T6PX988URP;
				GENERATE_INFOPLIST_FILE = YES;
				INFOPLIST_FILE = CarDashboardApp/ExtraInfo.plist;
				INFOPLIST_KEY_CFBundleDisplayName = GControl;
				INFOPLIST_KEY_LSApplicationCategoryType = "public.app-category.business";
				INFOPLIST_KEY_NSFaceIDUsageDescription = "GControl uses Face ID to protect access to your clinic account.";
				INFOPLIST_KEY_NSLocationWhenInUseUsageDescription = "GControl may use your location for clinic-related features when enabled.";
				INFOPLIST_KEY_UIApplicationSceneManifest_Generation = NO;
				INFOPLIST_KEY_UIApplicationSupportsIndirectInputEvents = YES;
				INFOPLIST_KEY_UILaunchScreen_Generation = YES;
				INFOPLIST_KEY_UISupportedInterfaceOrientations_iPad = "UIInterfaceOrientationPortrait UIInterfaceOrientationPortraitUpsideDown UIInterfaceOrientationLandscapeLeft UIInterfaceOrientationLandscapeRight";
				INFOPLIST_KEY_UISupportedInterfaceOrientations_iPhone = UIInterfaceOrientationPortrait;
				LD_RUNPATH_SEARCH_PATHS = (
					"$(inherited)",
					"@executable_path/Frameworks",
				);
				MARKETING_VERSION = 1.0.5;
				PRODUCT_BUNDLE_IDENTIFIER = com.grooapp.app;
				PRODUCT_NAME = "$(TARGET_NAME)";
				PROVISIONING_PROFILE_SPECIFIER = "";
				SWIFT_EMIT_LOC_STRINGS = YES;
				SWIFT_VERSION = 5.0;
				TARGETED_DEVICE_FAMILY = "1,2";
			};
			name = Release;
		};
/* End XCBuildConfiguration section */

/* Begin XCConfigurationList section */
		AF000001 /* Build configuration list for PBXProject "GControl" */ = {
			isa = XCConfigurationList;
			buildConfigurations = (
				AF000001D /* Debug */,
				AF000001R /* Release */,
			);
			defaultConfigurationIsVisible = 0;
			defaultConfigurationName = Release;
		};
		AF000003 /* Build configuration list for PBXNativeTarget "GControl" */ = {
			isa = XCConfigurationList;
			buildConfigurations = (
				AF000002D /* Debug */,
				AF000002R /* Release */,
			);
			defaultConfigurationIsVisible = 0;
			defaultConfigurationName = Release;
		};
/* End XCConfigurationList section */

/* Begin XCRemoteSwiftPackageReference section */
		AG000001 /* XCRemoteSwiftPackageReference "supabase-swift" */ = {
			isa = XCRemoteSwiftPackageReference;
			repositoryURL = "https://github.com/supabase/supabase-swift.git";
			requirement = {
				kind = upToNextMajorVersion;
				minimumVersion = 2.18.0;
			};
		};
/* End XCRemoteSwiftPackageReference section */

/* Begin XCSwiftPackageProductDependency section */
		AG000002 /* Supabase */ = {
			isa = XCSwiftPackageProductDependency;
			package = AG000001 /* XCRemoteSwiftPackageReference "supabase-swift" */;
			productName = Supabase;
		};
/* End XCSwiftPackageProductDependency section */
	};
	rootObject = AE000000 /* Project object */;
}
