// !$*UTF8*$!
{
	archiveVersion = 1;
	classes = {
	};
	objectVersion = 56;
	objects = {

/* Begin PBXBuildFile section */
		A1B2C3D401234567 /* ImageCacheService.swift in Sources */ = {isa = PBXBuildFile; fileRef = A1B2C3D401234568 /* ImageCacheService.swift */; };
		AA000001 /* CarDashboardAppApp.swift in Sources */ = {isa = PBXBuildFile; fileRef = AB000001 /* CarDashboardAppApp.swift */; };
		AA000002 /* Car.swift in Sources */ = {isa = PBXBuildFile; fileRef = AB000002 /* Car.swift */; };
		AA000003 /* CarMetric.swift in Sources */ = {isa = PBXBuildFile; fileRef = AB000003 /* CarMetric.swift */; };
		AA000004 /* CarStatus.swift in Sources */ = {isa = PBXBuildFile; fileRef = AB000004 /* CarStatus.swift */; };
		AA000005 /* DashboardViewModel.swift in Sources */ = {isa = PBXBuildFile; fileRef = AB000005 /* DashboardViewModel.swift */; };
		AA000006 /* CarsViewModel.swift in Sources */ = {isa = PBXBuildFile; fileRef = AB000006 /* CarsViewModel.swift */; };
		AA000007 /* SettingsViewModel.swift in Sources */ = {isa = PBXBuildFile; fileRef = AB000007 /* SettingsViewModel.swift */; };
		AA000008 /* TelemetryService.swift in Sources */ = {isa = PBXBuildFile; fileRef = AB000008 /* TelemetryService.swift */; };
		AA000009 /* MockTelemetryService.swift in Sources */ = {isa = PBXBuildFile; fileRef = AB000009 /* MockTelemetryService.swift */; };
		AA000010 /* MainTabView.swift in Sources */ = {isa = PBXBuildFile; fileRef = AB000010 /* MainTabView.swift */; };
		AA000011 /* DashboardView.swift in Sources */ = {isa = PBXBuildFile; fileRef = AB000011 /* DashboardView.swift */; };
		AA000012 /* CarsView.swift in Sources */ = {isa = PBXBuildFile; fileRef = AB000012 /* CarsView.swift */; };
		AA000013 /* SettingsView.swift in Sources */ = {isa = PBXBuildFile; fileRef = AB000013 /* SettingsView.swift */; };
		AA000014 /* GlassCard.swift in Sources */ = {isa = PBXBuildFile; fileRef = AB000014 /* GlassCard.swift */; };
		AA000015 /* MetricCard.swift in Sources */ = {isa = PBXBuildFile; fileRef = AB000015 /* MetricCard.swift */; };
		AA000016 /* CircularGauge.swift in Sources */ = {isa = PBXBuildFile; fileRef = AB000016 /* CircularGauge.swift */; };
		AA000017 /* StatusBadge.swift in Sources */ = {isa = PBXBuildFile; fileRef = AB000017 /* StatusBadge.swift */; };
		AA000018 /* LiquidGlassTabBar.swift in Sources */ = {isa = PBXBuildFile; fileRef = AB000018 /* LiquidGlassTabBar.swift */; };
		AA000019 /* CarRow.swift in Sources */ = {isa = PBXBuildFile; fileRef = AB000019 /* CarRow.swift */; };
		AA000020 /* SectionHeader.swift in Sources */ = {isa = PBXBuildFile; fileRef = AB000020 /* SectionHeader.swift */; };
		AA000021 /* MockData.swift in Sources */ = {isa = PBXBuildFile; fileRef = AB000021 /* MockData.swift */; };
		AA000022 /* Assets.xcassets in Resources */ = {isa = PBXBuildFile; fileRef = AB000022 /* Assets.xcassets */; };
		AA000023 /* RemoteAssets.swift in Sources */ = {isa = PBXBuildFile; fileRef = AB000023 /* RemoteAssets.swift */; };
		AA000024 /* ShowroomBannerView.swift in Sources */ = {isa = PBXBuildFile; fileRef = AB000024 /* ShowroomBannerView.swift */; };
		AA000025 /* DealershipStatsViewModel.swift in Sources */ = {isa = PBXBuildFile; fileRef = AB000025 /* DealershipStatsViewModel.swift */; };
		AA000026 /* DealershipStatComponents.swift in Sources */ = {isa = PBXBuildFile; fileRef = AB000026 /* DealershipStatComponents.swift */; };
		AA000027 /* PremiumGlass.swift in Sources */ = {isa = PBXBuildFile; fileRef = AB000027 /* PremiumGlass.swift */; };
		AA000028 /* ChatView.swift in Sources */ = {isa = PBXBuildFile; fileRef = AB000028 /* ChatView.swift */; };
		AA000029 /* SearchView.swift in Sources */ = {isa = PBXBuildFile; fileRef = AB000029 /* SearchView.swift */; };
		AA000030 /* ChatThread.swift in Sources */ = {isa = PBXBuildFile; fileRef = AB000030 /* ChatThread.swift */; };
		AA000031 /* ChatConversationView.swift in Sources */ = {isa = PBXBuildFile; fileRef = AB000031 /* ChatConversationView.swift */; };
		AA000032 /* ChatAvatarViews.swift in Sources */ = {isa = PBXBuildFile; fileRef = AB000032 /* ChatAvatarViews.swift */; };
		AA000033 /* ChatInboxStore.swift in Sources */ = {isa = PBXBuildFile; fileRef = AB000033 /* ChatInboxStore.swift */; };
		AA000034 /* Supabase in Frameworks */ = {isa = PBXBuildFile; productRef = AG000002 /* Supabase */; };
		AA000035 /* SupabaseClientProvider.swift in Sources */ = {isa = PBXBuildFile; fileRef = AB000034 /* SupabaseClientProvider.swift */; };
		AA000036 /* AuthViewModel.swift in Sources */ = {isa = PBXBuildFile; fileRef = AB000035 /* AuthViewModel.swift */; };
		AA000037 /* LoginView.swift in Sources */ = {isa = PBXBuildFile; fileRef = AB000036 /* LoginView.swift */; };
		AA000038 /* AuthRootView.swift in Sources */ = {isa = PBXBuildFile; fileRef = AB000037 /* AuthRootView.swift */; };
		AA000039 /* VehicleRow.swift in Sources */ = {isa = PBXBuildFile; fileRef = AB000038 /* VehicleRow.swift */; };
		AA000040 /* VehiclesService.swift in Sources */ = {isa = PBXBuildFile; fileRef = AB000039 /* VehiclesService.swift */; };
		AA000041 /* CarThumbnailView.swift in Sources */ = {isa = PBXBuildFile; fileRef = AB000040 /* CarThumbnailView.swift */; };
		AA000042 /* VehicleImageResolution.swift in Sources */ = {isa = PBXBuildFile; fileRef = AB000041 /* VehicleImageResolution.swift */; };
		AA000043 /* LeadCrm.swift in Sources */ = {isa = PBXBuildFile; fileRef = AB000042 /* LeadCrm.swift */; };
		AA000044 /* LeadsCrmService.swift in Sources */ = {isa = PBXBuildFile; fileRef = AB000043 /* LeadsCrmService.swift */; };
		AA000045 /* LeadsViewModel.swift in Sources */ = {isa = PBXBuildFile; fileRef = AB000044 /* LeadsViewModel.swift */; };
		AA000046 /* LeadsListView.swift in Sources */ = {isa = PBXBuildFile; fileRef = AB000045 /* LeadsListView.swift */; };
		AA000047 /* CarBrowseModels.swift in Sources */ = {isa = PBXBuildFile; fileRef = AB000046 /* CarBrowseModels.swift */; };
		AA000048 /* Car+Browse.swift in Sources */ = {isa = PBXBuildFile; fileRef = AB000047 /* Car+Browse.swift */; };
		AA000049 /* CarUIImageLoader.swift in Sources */ = {isa = PBXBuildFile; fileRef = AB000048 /* CarUIImageLoader.swift */; };
		AA000050 /* CarListingCard.swift in Sources */ = {isa = PBXBuildFile; fileRef = AB000049 /* CarListingCard.swift */; };
		AA000051 /* CarBrowseSheets.swift in Sources */ = {isa = PBXBuildFile; fileRef = AB000050 /* CarBrowseSheets.swift */; };
		AA000052 /* CarImageSlot.swift in Sources */ = {isa = PBXBuildFile; fileRef = AB000051 /* CarImageSlot.swift */; };
		AA000053 /* CarsBrowseHeaderBar.swift in Sources */ = {isa = PBXBuildFile; fileRef = AB000052 /* CarsBrowseHeaderBar.swift */; };
		AA000054 /* RevolutBackgroundView.swift in Sources */ = {isa = PBXBuildFile; fileRef = AB000053 /* RevolutBackgroundView.swift */; };
		AA000055 /* DashboardHomeNotificationsSection.swift in Sources */ = {isa = PBXBuildFile; fileRef = AB000054 /* DashboardHomeNotificationsSection.swift */; };
		AA000056 /* UserProfileService.swift in Sources */ = {isa = PBXBuildFile; fileRef = AB000055 /* UserProfileService.swift */; };
		AA000057 /* VehicleImageDiagnostics.swift in Sources */ = {isa = PBXBuildFile; fileRef = AB000056 /* VehicleImageDiagnostics.swift */; };
		AA000058 /* cab6b0cf98f7935fc0365a8ee1191735.mp4 in Resources */ = {isa = PBXBuildFile; fileRef = AB000057 /* cab6b0cf98f7935fc0365a8ee1191735.mp4 */; };
		AA000059 /* DashboardHomeVideoBackdrop.swift in Sources */ = {isa = PBXBuildFile; fileRef = AB000058 /* DashboardHomeVideoBackdrop.swift */; };
		AA000060 /* AppPINKeychain.swift in Sources */ = {isa = PBXBuildFile; fileRef = AB000059 /* AppPINKeychain.swift */; };
		AA000061 /* AppLockManager.swift in Sources */ = {isa = PBXBuildFile; fileRef = AB000060 /* AppLockManager.swift */; };
		AA000062 /* LockScreenView.swift in Sources */ = {isa = PBXBuildFile; fileRef = AB000061 /* LockScreenView.swift */; };
		AA000063 /* PINSetupView.swift in Sources */ = {isa = PBXBuildFile; fileRef = AB000062 /* PINSetupView.swift */; };
		AA000064 /* AIContractGeneratorView.swift in Sources */ = {isa = PBXBuildFile; fileRef = AB000063 /* AIContractGeneratorView.swift */; };
		AA000065 /* AnthropicContractClient.swift in Sources */ = {isa = PBXBuildFile; fileRef = AB000064 /* AnthropicContractClient.swift */; };
		AA000066 /* AIContractDocumentKind.swift in Sources */ = {isa = PBXBuildFile; fileRef = AB000067 /* AIContractDocumentKind.swift */; };
		AA000067 /* ContratoVentaModelo.pdf in Resources */ = {isa = PBXBuildFile; fileRef = AB000068 /* ContratoVentaModelo.pdf */; };
		AA000068 /* ContratoCompraModelo.pdf in Resources */ = {isa = PBXBuildFile; fileRef = AB000069 /* ContratoCompraModelo.pdf */; };
		AA000069 /* GarantiaGVModelo.pdf in Resources */ = {isa = PBXBuildFile; fileRef = AB000070 /* GarantiaGVModelo.pdf */; };
		AA000070 /* ContractTemplateLoader.swift in Sources */ = {isa = PBXBuildFile; fileRef = AB000071 /* ContractTemplateLoader.swift */; };
		AA000071 /* ContractPDFExporter.swift in Sources */ = {isa = PBXBuildFile; fileRef = AB000072 /* ContractPDFExporter.swift */; };
		AA000072 /* CommunityProfilesService.swift in Sources */ = {isa = PBXBuildFile; fileRef = AB000073 /* CommunityProfilesService.swift */; };
		AA000073 /* DashboardLocationHub.swift in Sources */ = {isa = PBXBuildFile; fileRef = AB000074 /* DashboardLocationHub.swift */; };
		AA000074 /* DashboardCommunityViewModel.swift in Sources */ = {isa = PBXBuildFile; fileRef = AB000075 /* DashboardCommunityViewModel.swift */; };
		AA000075 /* DashboardHomeRevolutSections.swift in Sources */ = {isa = PBXBuildFile; fileRef = AB000076 /* DashboardHomeRevolutSections.swift */; };
		AA000077 /* InvoiceHistoryStore.swift in Sources */ = {isa = PBXBuildFile; fileRef = AB000078 /* InvoiceHistoryStore.swift */; };
		AA000078 /* DashboardHubScreens.swift in Sources */ = {isa = PBXBuildFile; fileRef = AB000079 /* DashboardHubScreens.swift */; };
		AA000080 /* TeamLocationMapViews.swift in Sources */ = {isa = PBXBuildFile; fileRef = AB000080 /* TeamLocationMapViews.swift */; };
		AA000081 /* LiveSpeechTranscriber.swift in Sources */ = {isa = PBXBuildFile; fileRef = AB000081 /* LiveSpeechTranscriber.swift */; };
		AA000082 /* AppDelegate.swift in Sources */ = {isa = PBXBuildFile; fileRef = AB000082 /* AppDelegate.swift */; };
		AA000083 /* RemotePushRegistration.swift in Sources */ = {isa = PBXBuildFile; fileRef = AB000083 /* RemotePushRegistration.swift */; };
		AA000086 /* GIFAnimatedView.swift in Sources */ = {isa = PBXBuildFile; fileRef = AB000086 /* GIFAnimatedView.swift */; };
		AA000087 /* LoopingMutedBundledVideoView.swift in Sources */ = {isa = PBXBuildFile; fileRef = AB000087 /* LoopingMutedBundledVideoView.swift */; };
		AA000088 /* AIBuddyFondo.mp4 in Resources */ = {isa = PBXBuildFile; fileRef = AB000088 /* AIBuddyFondo.mp4 */; };
		AA000089 /* AIAssistantOrb.gif in Resources */ = {isa = PBXBuildFile; fileRef = AB000089 /* AIAssistantOrb.gif */; };
/* End PBXBuildFile section */

/* Begin PBXFileReference section */
		A1B2C3D401234568 /* ImageCacheService.swift */ = {isa = PBXFileReference; lastKnownFileType = sourcecode.swift; path = ImageCacheService.swift; sourceTree = "<group>"; };
		AB000000 /* CarDashboardApp.app */ = {isa = PBXFileReference; explicitFileType = wrapper.application; includeInIndex = 0; path = CarDashboardApp.app; sourceTree = BUILT_PRODUCTS_DIR; };
		AB000001 /* CarDashboardAppApp.swift */ = {isa = PBXFileReference; lastKnownFileType = sourcecode.swift; path = CarDashboardAppApp.swift; sourceTree = "<group>"; };
		AB000002 /* Car.swift */ = {isa = PBXFileReference; lastKnownFileType = sourcecode.swift; path = Car.swift; sourceTree = "<group>"; };
		AB000003 /* CarMetric.swift */ = {isa = PBXFileReference; lastKnownFileType = sourcecode.swift; path = CarMetric.swift; sourceTree = "<group>"; };
		AB000004 /* CarStatus.swift */ = {isa = PBXFileReference; lastKnownFileType = sourcecode.swift; path = CarStatus.swift; sourceTree = "<group>"; };
		AB000005 /* DashboardViewModel.swift */ = {isa = PBXFileReference; lastKnownFileType = sourcecode.swift; path = DashboardViewModel.swift; sourceTree = "<group>"; };
		AB000006 /* CarsViewModel.swift */ = {isa = PBXFileReference; lastKnownFileType = sourcecode.swift; path = CarsViewModel.swift; sourceTree = "<group>"; };
		AB000007 /* SettingsViewModel.swift */ = {isa = PBXFileReference; lastKnownFileType = sourcecode.swift; path = SettingsViewModel.swift; sourceTree = "<group>"; };
		AB000008 /* TelemetryService.swift */ = {isa = PBXFileReference; lastKnownFileType = sourcecode.swift; path = TelemetryService.swift; sourceTree = "<group>"; };
		AB000009 /* MockTelemetryService.swift */ = {isa = PBXFileReference; lastKnownFileType = sourcecode.swift; path = MockTelemetryService.swift; sourceTree = "<group>"; };
		AB000010 /* MainTabView.swift */ = {isa = PBXFileReference; lastKnownFileType = sourcecode.swift; path = MainTabView.swift; sourceTree = "<group>"; };
		AB000011 /* DashboardView.swift */ = {isa = PBXFileReference; lastKnownFileType = sourcecode.swift; path = DashboardView.swift; sourceTree = "<group>"; };
		AB000012 /* CarsView.swift */ = {isa = PBXFileReference; lastKnownFileType = sourcecode.swift; path = CarsView.swift; sourceTree = "<group>"; };
		AB000013 /* SettingsView.swift */ = {isa = PBXFileReference; lastKnownFileType = sourcecode.swift; path = SettingsView.swift; sourceTree = "<group>"; };
		AB000014 /* GlassCard.swift */ = {isa = PBXFileReference; lastKnownFileType = sourcecode.swift; path = GlassCard.swift; sourceTree = "<group>"; };
		AB000015 /* MetricCard.swift */ = {isa = PBXFileReference; lastKnownFileType = sourcecode.swift; path = MetricCard.swift; sourceTree = "<group>"; };
		AB000016 /* CircularGauge.swift */ = {isa = PBXFileReference; lastKnownFileType = sourcecode.swift; path = CircularGauge.swift; sourceTree = "<group>"; };
		AB000017 /* StatusBadge.swift */ = {isa = PBXFileReference; lastKnownFileType = sourcecode.swift; path = StatusBadge.swift; sourceTree = "<group>"; };
		AB000018 /* LiquidGlassTabBar.swift */ = {isa = PBXFileReference; lastKnownFileType = sourcecode.swift; path = LiquidGlassTabBar.swift; sourceTree = "<group>"; };
		AB000019 /* CarRow.swift */ = {isa = PBXFileReference; lastKnownFileType = sourcecode.swift; path = CarRow.swift; sourceTree = "<group>"; };
		AB000020 /* SectionHeader.swift */ = {isa = PBXFileReference; lastKnownFileType = sourcecode.swift; path = SectionHeader.swift; sourceTree = "<group>"; };
		AB000021 /* MockData.swift */ = {isa = PBXFileReference; lastKnownFileType = sourcecode.swift; path = MockData.swift; sourceTree = "<group>"; };
		AB000022 /* Assets.xcassets */ = {isa = PBXFileReference; lastKnownFileType = folder.assetcatalog; path = Assets.xcassets; sourceTree = "<group>"; };
		AB000023 /* RemoteAssets.swift */ = {isa = PBXFileReference; lastKnownFileType = sourcecode.swift; path = RemoteAssets.swift; sourceTree = "<group>"; };
		AB000024 /* ShowroomBannerView.swift */ = {isa = PBXFileReference; lastKnownFileType = sourcecode.swift; path = ShowroomBannerView.swift; sourceTree = "<group>"; };
		AB000025 /* DealershipStatsViewModel.swift */ = {isa = PBXFileReference; lastKnownFileType = sourcecode.swift; path = DealershipStatsViewModel.swift; sourceTree = "<group>"; };
		AB000026 /* DealershipStatComponents.swift */ = {isa = PBXFileReference; lastKnownFileType = sourcecode.swift; path = DealershipStatComponents.swift; sourceTree = "<group>"; };
		AB000027 /* PremiumGlass.swift */ = {isa = PBXFileReference; lastKnownFileType = sourcecode.swift; path = PremiumGlass.swift; sourceTree = "<group>"; };
		AB000028 /* ChatView.swift */ = {isa = PBXFileReference; lastKnownFileType = sourcecode.swift; path = ChatView.swift; sourceTree = "<group>"; };
		AB000029 /* SearchView.swift */ = {isa = PBXFileReference; lastKnownFileType = sourcecode.swift; path = SearchView.swift; sourceTree = "<group>"; };
		AB000030 /* ChatThread.swift */ = {isa = PBXFileReference; lastKnownFileType = sourcecode.swift; path = ChatThread.swift; sourceTree = "<group>"; };
		AB000031 /* ChatConversationView.swift */ = {isa = PBXFileReference; lastKnownFileType = sourcecode.swift; path = ChatConversationView.swift; sourceTree = "<group>"; };
		AB000032 /* ChatAvatarViews.swift */ = {isa = PBXFileReference; lastKnownFileType = sourcecode.swift; path = ChatAvatarViews.swift; sourceTree = "<group>"; };
		AB000033 /* ChatInboxStore.swift */ = {isa = PBXFileReference; lastKnownFileType = sourcecode.swift; path = ChatInboxStore.swift; sourceTree = "<group>"; };
		AB000034 /* SupabaseClientProvider.swift */ = {isa = PBXFileReference; lastKnownFileType = sourcecode.swift; path = SupabaseClientProvider.swift; sourceTree = "<group>"; };
		AB000035 /* AuthViewModel.swift */ = {isa = PBXFileReference; lastKnownFileType = sourcecode.swift; path = AuthViewModel.swift; sourceTree = "<group>"; };
		AB000036 /* LoginView.swift */ = {isa = PBXFileReference; lastKnownFileType = sourcecode.swift; path = LoginView.swift; sourceTree = "<group>"; };
		AB000037 /* AuthRootView.swift */ = {isa = PBXFileReference; lastKnownFileType = sourcecode.swift; path = AuthRootView.swift; sourceTree = "<group>"; };
		AB000038 /* VehicleRow.swift */ = {isa = PBXFileReference; lastKnownFileType = sourcecode.swift; path = VehicleRow.swift; sourceTree = "<group>"; };
		AB000039 /* VehiclesService.swift */ = {isa = PBXFileReference; lastKnownFileType = sourcecode.swift; path = VehiclesService.swift; sourceTree = "<group>"; };
		AB000040 /* CarThumbnailView.swift */ = {isa = PBXFileReference; lastKnownFileType = sourcecode.swift; path = CarThumbnailView.swift; sourceTree = "<group>"; };
		AB000041 /* VehicleImageResolution.swift */ = {isa = PBXFileReference; lastKnownFileType = sourcecode.swift; path = VehicleImageResolution.swift; sourceTree = "<group>"; };
		AB000042 /* LeadCrm.swift */ = {isa = PBXFileReference; lastKnownFileType = sourcecode.swift; path = LeadCrm.swift; sourceTree = "<group>"; };
		AB000043 /* LeadsCrmService.swift */ = {isa = PBXFileReference; lastKnownFileType = sourcecode.swift; path = LeadsCrmService.swift; sourceTree = "<group>"; };
		AB000044 /* LeadsViewModel.swift */ = {isa = PBXFileReference; lastKnownFileType = sourcecode.swift; path = LeadsViewModel.swift; sourceTree = "<group>"; };
		AB000045 /* LeadsListView.swift */ = {isa = PBXFileReference; lastKnownFileType = sourcecode.swift; path = LeadsListView.swift; sourceTree = "<group>"; };
		AB000046 /* CarBrowseModels.swift */ = {isa = PBXFileReference; lastKnownFileType = sourcecode.swift; path = CarBrowseModels.swift; sourceTree = "<group>"; };
		AB000047 /* Car+Browse.swift */ = {isa = PBXFileReference; lastKnownFileType = sourcecode.swift; path = "Car+Browse.swift"; sourceTree = "<group>"; };
		AB000048 /* CarUIImageLoader.swift */ = {isa = PBXFileReference; lastKnownFileType = sourcecode.swift; path = CarUIImageLoader.swift; sourceTree = "<group>"; };
		AB000049 /* CarListingCard.swift */ = {isa = PBXFileReference; lastKnownFileType = sourcecode.swift; path = CarListingCard.swift; sourceTree = "<group>"; };
		AB000050 /* CarBrowseSheets.swift */ = {isa = PBXFileReference; lastKnownFileType = sourcecode.swift; path = CarBrowseSheets.swift; sourceTree = "<group>"; };
		AB000051 /* CarImageSlot.swift */ = {isa = PBXFileReference; lastKnownFileType = sourcecode.swift; path = CarImageSlot.swift; sourceTree = "<group>"; };
		AB000052 /* CarsBrowseHeaderBar.swift */ = {isa = PBXFileReference; lastKnownFileType = sourcecode.swift; path = CarsBrowseHeaderBar.swift; sourceTree = "<group>"; };
		AB000053 /* RevolutBackgroundView.swift */ = {isa = PBXFileReference; lastKnownFileType = sourcecode.swift; path = RevolutBackgroundView.swift; sourceTree = "<group>"; };
		AB000054 /* DashboardHomeNotificationsSection.swift */ = {isa = PBXFileReference; lastKnownFileType = sourcecode.swift; path = DashboardHomeNotificationsSection.swift; sourceTree = "<group>"; };
		AB000055 /* UserProfileService.swift */ = {isa = PBXFileReference; lastKnownFileType = sourcecode.swift; path = UserProfileService.swift; sourceTree = "<group>"; };
		AB000056 /* VehicleImageDiagnostics.swift */ = {isa = PBXFileReference; lastKnownFileType = sourcecode.swift; path = VehicleImageDiagnostics.swift; sourceTree = "<group>"; };
		AB000057 /* cab6b0cf98f7935fc0365a8ee1191735.mp4 */ = {isa = PBXFileReference; lastKnownFileType = file; path = cab6b0cf98f7935fc0365a8ee1191735.mp4; sourceTree = "<group>"; };
		AB000058 /* DashboardHomeVideoBackdrop.swift */ = {isa = PBXFileReference; lastKnownFileType = sourcecode.swift; path = DashboardHomeVideoBackdrop.swift; sourceTree = "<group>"; };
		AB000059 /* AppPINKeychain.swift */ = {isa = PBXFileReference; lastKnownFileType = sourcecode.swift; path = AppPINKeychain.swift; sourceTree = "<group>"; };
		AB000060 /* AppLockManager.swift */ = {isa = PBXFileReference; lastKnownFileType = sourcecode.swift; path = AppLockManager.swift; sourceTree = "<group>"; };
		AB000061 /* LockScreenView.swift */ = {isa = PBXFileReference; lastKnownFileType = sourcecode.swift; path = LockScreenView.swift; sourceTree = "<group>"; };
		AB000062 /* PINSetupView.swift */ = {isa = PBXFileReference; lastKnownFileType = sourcecode.swift; path = PINSetupView.swift; sourceTree = "<group>"; };
		AB000063 /* AIContractGeneratorView.swift */ = {isa = PBXFileReference; lastKnownFileType = sourcecode.swift; path = AIContractGeneratorView.swift; sourceTree = "<group>"; };
		AB000064 /* AnthropicContractClient.swift */ = {isa = PBXFileReference; lastKnownFileType = sourcecode.swift; path = AnthropicContractClient.swift; sourceTree = "<group>"; };
		AB000065 /* DeveloperSettings.xcconfig */ = {isa = PBXFileReference; lastKnownFileType = text.xcconfig; path = DeveloperSettings.xcconfig; sourceTree = "<group>"; };
		AB000066 /* ExtraInfo.plist */ = {isa = PBXFileReference; lastKnownFileType = text.plist.xml; path = ExtraInfo.plist; sourceTree = "<group>"; };
		AB000067 /* AIContractDocumentKind.swift */ = {isa = PBXFileReference; lastKnownFileType = sourcecode.swift; path = AIContractDocumentKind.swift; sourceTree = "<group>"; };
		AB000068 /* ContratoVentaModelo.pdf */ = {isa = PBXFileReference; lastKnownFileType = image.pdf; path = ContratoVentaModelo.pdf; sourceTree = "<group>"; };
		AB000069 /* ContratoCompraModelo.pdf */ = {isa = PBXFileReference; lastKnownFileType = image.pdf; path = ContratoCompraModelo.pdf; sourceTree = "<group>"; };
		AB000070 /* GarantiaGVModelo.pdf */ = {isa = PBXFileReference; lastKnownFileType = image.pdf; path = GarantiaGVModelo.pdf; sourceTree = "<group>"; };
		AB000071 /* ContractTemplateLoader.swift */ = {isa = PBXFileReference; lastKnownFileType = sourcecode.swift; path = ContractTemplateLoader.swift; sourceTree = "<group>"; };
		AB000072 /* ContractPDFExporter.swift */ = {isa = PBXFileReference; lastKnownFileType = sourcecode.swift; path = ContractPDFExporter.swift; sourceTree = "<group>"; };
		AB000073 /* CommunityProfilesService.swift */ = {isa = PBXFileReference; lastKnownFileType = sourcecode.swift; path = CommunityProfilesService.swift; sourceTree = "<group>"; };
		AB000074 /* DashboardLocationHub.swift */ = {isa = PBXFileReference; lastKnownFileType = sourcecode.swift; path = DashboardLocationHub.swift; sourceTree = "<group>"; };
		AB000075 /* DashboardCommunityViewModel.swift */ = {isa = PBXFileReference; lastKnownFileType = sourcecode.swift; path = DashboardCommunityViewModel.swift; sourceTree = "<group>"; };
		AB000076 /* DashboardHomeRevolutSections.swift */ = {isa = PBXFileReference; lastKnownFileType = sourcecode.swift; path = DashboardHomeRevolutSections.swift; sourceTree = "<group>"; };
		AB000078 /* InvoiceHistoryStore.swift */ = {isa = PBXFileReference; lastKnownFileType = sourcecode.swift; path = InvoiceHistoryStore.swift; sourceTree = "<group>"; };
		AB000079 /* DashboardHubScreens.swift */ = {isa = PBXFileReference; lastKnownFileType = sourcecode.swift; path = DashboardHubScreens.swift; sourceTree = "<group>"; };
		AB000080 /* TeamLocationMapViews.swift */ = {isa = PBXFileReference; lastKnownFileType = sourcecode.swift; path = TeamLocationMapViews.swift; sourceTree = "<group>"; };
		AB000081 /* LiveSpeechTranscriber.swift */ = {isa = PBXFileReference; lastKnownFileType = sourcecode.swift; path = LiveSpeechTranscriber.swift; sourceTree = "<group>"; };
		AB000082 /* AppDelegate.swift */ = {isa = PBXFileReference; lastKnownFileType = sourcecode.swift; path = AppDelegate.swift; sourceTree = "<group>"; };
		AB000083 /* RemotePushRegistration.swift */ = {isa = PBXFileReference; lastKnownFileType = sourcecode.swift; path = RemotePushRegistration.swift; sourceTree = "<group>"; };
		AB000084 /* CarDashboardApp.entitlements */ = {isa = PBXFileReference; lastKnownFileType = text.plist.entitlements; path = CarDashboardApp.entitlements; sourceTree = "<group>"; };
		AB000085 /* CarDashboardApp-Release.entitlements */ = {isa = PBXFileReference; lastKnownFileType = text.plist.entitlements; path = CarDashboardApp-Release.entitlements; sourceTree = "<group>"; };
		AB000086 /* GIFAnimatedView.swift */ = {isa = PBXFileReference; lastKnownFileType = sourcecode.swift; path = GIFAnimatedView.swift; sourceTree = "<group>"; };
		AB000087 /* LoopingMutedBundledVideoView.swift */ = {isa = PBXFileReference; lastKnownFileType = sourcecode.swift; path = LoopingMutedBundledVideoView.swift; sourceTree = "<group>"; };
		AB000088 /* AIBuddyFondo.mp4 */ = {isa = PBXFileReference; lastKnownFileType = file; path = AIBuddyFondo.mp4; sourceTree = "<group>"; };
		AB000089 /* AIAssistantOrb.gif */ = {isa = PBXFileReference; lastKnownFileType = image.gif; path = AIAssistantOrb.gif; sourceTree = "<group>"; };
/* End PBXFileReference section */

/* Begin PBXFrameworksBuildPhase section */
		AC000001 /* Frameworks */ = {
			isa = PBXFrameworksBuildPhase;
			buildActionMask = 2147483647;
			files = (
				AA000034 /* Supabase in Frameworks */,
			);
			runOnlyForDeploymentPostprocessing = 0;
		};
/* End PBXFrameworksBuildPhase section */

/* Begin PBXGroup section */
		AD000001 = {
			isa = PBXGroup;
			children = (
				AD000002 /* CarDashboardApp */,
				AD000009 /* Products */,
			);
			sourceTree = "<group>";
		};
		AD000002 /* CarDashboardApp */ = {
			isa = PBXGroup;
			children = (
				AB000065 /* DeveloperSettings.xcconfig */,
				AB000066 /* ExtraInfo.plist */,
				AB000084 /* CarDashboardApp.entitlements */,
				AB000085 /* CarDashboardApp-Release.entitlements */,
				AB000001 /* CarDashboardAppApp.swift */,
				AB000082 /* AppDelegate.swift */,
				AD000003 /* Models */,
				AD000004 /* ViewModels */,
				AD000005 /* Services */,
				AD000006 /* Views */,
				AD000007 /* Components */,
				AD000010 /* Design */,
				AD000008 /* Resources */,
				AB000022 /* Assets.xcassets */,
			);
			path = CarDashboardApp;
			sourceTree = "<group>";
		};
		AD000003 /* Models */ = {
			isa = PBXGroup;
			children = (
				AB000002 /* Car.swift */,
				AB000047 /* Car+Browse.swift */,
				AB000046 /* CarBrowseModels.swift */,
				AB000067 /* AIContractDocumentKind.swift */,
				AB000051 /* CarImageSlot.swift */,
				AB000003 /* CarMetric.swift */,
				AB000004 /* CarStatus.swift */,
				AB000038 /* VehicleRow.swift */,
				AB000042 /* LeadCrm.swift */,
				AB000030 /* ChatThread.swift */,
				AB000033 /* ChatInboxStore.swift */,
			);
			path = Models;
			sourceTree = "<group>";
		};
		AD000004 /* ViewModels */ = {
			isa = PBXGroup;
			children = (
				AB000005 /* DashboardViewModel.swift */,
				AB000025 /* DealershipStatsViewModel.swift */,
				AB000006 /* CarsViewModel.swift */,
				AB000007 /* SettingsViewModel.swift */,
				AB000035 /* AuthViewModel.swift */,
				AB000044 /* LeadsViewModel.swift */,
				AB000075 /* DashboardCommunityViewModel.swift */,
				AB000060 /* AppLockManager.swift */,
			);
			path = ViewModels;
			sourceTree = "<group>";
		};
		AD000005 /* Services */ = {
			isa = PBXGroup;
			children = (
				AB000034 /* SupabaseClientProvider.swift */,
				AB000083 /* RemotePushRegistration.swift */,
				AB000064 /* AnthropicContractClient.swift */,
				AB000071 /* ContractTemplateLoader.swift */,
				AB000072 /* ContractPDFExporter.swift */,
				AB000055 /* UserProfileService.swift */,
				AB000039 /* VehiclesService.swift */,
				AB000056 /* VehicleImageDiagnostics.swift */,
				AB000048 /* CarUIImageLoader.swift */,
				A1B2C3D401234568 /* ImageCacheService.swift */,
				AB000041 /* VehicleImageResolution.swift */,
				AB000043 /* LeadsCrmService.swift */,
				AB000008 /* TelemetryService.swift */,
				AB000009 /* MockTelemetryService.swift */,
				AB000059 /* AppPINKeychain.swift */,
				AB000073 /* CommunityProfilesService.swift */,
				AB000074 /* DashboardLocationHub.swift */,
				AB000078 /* InvoiceHistoryStore.swift */,
				AB000081 /* LiveSpeechTranscriber.swift */,
			);
			path = Services;
			sourceTree = "<group>";
		};
		AD000006 /* Views */ = {
			isa = PBXGroup;
			children = (
				AB000037 /* AuthRootView.swift */,
				AB000036 /* LoginView.swift */,
				AB000010 /* MainTabView.swift */,
				AB000011 /* DashboardView.swift */,
				AB000079 /* DashboardHubScreens.swift */,
				AB000080 /* TeamLocationMapViews.swift */,
				AB000076 /* DashboardHomeRevolutSections.swift */,
				AB000063 /* AIContractGeneratorView.swift */,
				AB000012 /* CarsView.swift */,
				AB000028 /* ChatView.swift */,
				AB000031 /* ChatConversationView.swift */,
				AB000029 /* SearchView.swift */,
				AB000013 /* SettingsView.swift */,
				AB000045 /* LeadsListView.swift */,
				AB000050 /* CarBrowseSheets.swift */,
				AB000061 /* LockScreenView.swift */,
				AB000062 /* PINSetupView.swift */,
			);
			path = Views;
			sourceTree = "<group>";
		};
		AD000007 /* Components */ = {
			isa = PBXGroup;
			children = (
				AB000014 /* GlassCard.swift */,
				AB000015 /* MetricCard.swift */,
				AB000016 /* CircularGauge.swift */,
				AB000017 /* StatusBadge.swift */,
				AB000018 /* LiquidGlassTabBar.swift */,
				AB000019 /* CarRow.swift */,
				AB000040 /* CarThumbnailView.swift */,
				AB000049 /* CarListingCard.swift */,
				AB000054 /* DashboardHomeNotificationsSection.swift */,
				AB000052 /* CarsBrowseHeaderBar.swift */,
				AB000020 /* SectionHeader.swift */,
				AB000024 /* ShowroomBannerView.swift */,
				AB000026 /* DealershipStatComponents.swift */,
				AB000032 /* ChatAvatarViews.swift */,
				AB000086 /* GIFAnimatedView.swift */,
				AB000087 /* LoopingMutedBundledVideoView.swift */,
			);
			path = Components;
			sourceTree = "<group>";
		};
		AD000008 /* Resources */ = {
			isa = PBXGroup;
			children = (
				AD000011 /* ContractTemplates */,
				AB000021 /* MockData.swift */,
				AB000023 /* RemoteAssets.swift */,
				AB000057 /* cab6b0cf98f7935fc0365a8ee1191735.mp4 */,
				AB000088 /* AIBuddyFondo.mp4 */,
				AB000089 /* AIAssistantOrb.gif */,
			);
			path = Resources;
			sourceTree = "<group>";
		};
		AD000009 /* Products */ = {
			isa = PBXGroup;
			children = (
				AB000000 /* CarDashboardApp.app */,
			);
			name = Products;
			sourceTree = "<group>";
		};
		AD000010 /* Design */ = {
			isa = PBXGroup;
			children = (
				AB000053 /* RevolutBackgroundView.swift */,
				AB000058 /* DashboardHomeVideoBackdrop.swift */,
				AB000027 /* PremiumGlass.swift */,
			);
			path = Design;
			sourceTree = "<group>";
		};
		AD000011 /* ContractTemplates */ = {
			isa = PBXGroup;
			children = (
				AB000068 /* ContratoVentaModelo.pdf */,
				AB000069 /* ContratoCompraModelo.pdf */,
				AB000070 /* GarantiaGVModelo.pdf */,
			);
			path = ContractTemplates;
			sourceTree = "<group>";
		};
/* End PBXGroup section */

/* Begin PBXNativeTarget section */
		AE000001 /* CarDashboardApp */ = {
			isa = PBXNativeTarget;
			buildConfigurationList = AF000003 /* Build configuration list for PBXNativeTarget "CarDashboardApp" */;
			buildPhases = (
				AE000002 /* Sources */,
				AC000001 /* Frameworks */,
				AE000003 /* Resources */,
			);
			buildRules = (
			);
			dependencies = (
			);
			name = CarDashboardApp;
			packageProductDependencies = (
				AG000002 /* Supabase */,
			);
			productName = CarDashboardApp;
			productReference = AB000000 /* CarDashboardApp.app */;
			productType = "com.apple.product-type.application";
		};
/* End PBXNativeTarget section */

/* Begin PBXProject section */
		AE000000 /* Project object */ = {
			isa = PBXProject;
			attributes = {
				BuildIndependentTargetsInParallel = 1;
				LastSwiftUpdateCheck = 1500;
				LastUpgradeCheck = 1500;
				TargetAttributes = {
					AE000001 = {
						CreatedOnToolsVersion = 15.0;
					};
				};
			};
			buildConfigurationList = AF000001 /* Build configuration list for PBXProject "CarDashboardApp" */;
			compatibilityVersion = "Xcode 14.0";
			developmentRegion = es;
			hasScannedForEncodings = 0;
			knownRegions = (
				es,
				Base,
			);
			mainGroup = AD000001;
			packageReferences = (
				AG000001 /* XCRemoteSwiftPackageReference "supabase-swift" */,
			);
			productRefGroup = AD000009 /* Products */;
			projectDirPath = "";
			projectRoot = "";
			targets = (
				AE000001 /* CarDashboardApp */,
			);
		};
/* End PBXProject section */

/* Begin PBXResourcesBuildPhase section */
		AE000003 /* Resources */ = {
			isa = PBXResourcesBuildPhase;
			buildActionMask = 2147483647;
			files = (
				AA000022 /* Assets.xcassets in Resources */,
				AA000067 /* ContratoVentaModelo.pdf in Resources */,
				AA000068 /* ContratoCompraModelo.pdf in Resources */,
				AA000069 /* GarantiaGVModelo.pdf in Resources */,
				AA000058 /* cab6b0cf98f7935fc0365a8ee1191735.mp4 in Resources */,
				AA000088 /* AIBuddyFondo.mp4 in Resources */,
				AA000089 /* AIAssistantOrb.gif in Resources */,
			);
			runOnlyForDeploymentPostprocessing = 0;
		};
/* End PBXResourcesBuildPhase section */

/* Begin PBXSourcesBuildPhase section */
		AE000002 /* Sources */ = {
			isa = PBXSourcesBuildPhase;
			buildActionMask = 2147483647;
			files = (
				AA000001 /* CarDashboardAppApp.swift in Sources */,
				AA000082 /* AppDelegate.swift in Sources */,
				AA000002 /* Car.swift in Sources */,
				AA000003 /* CarMetric.swift in Sources */,
				AA000004 /* CarStatus.swift in Sources */,
				AA000005 /* DashboardViewModel.swift in Sources */,
				AA000006 /* CarsViewModel.swift in Sources */,
				AA000007 /* SettingsViewModel.swift in Sources */,
				AA000008 /* TelemetryService.swift in Sources */,
				AA000009 /* MockTelemetryService.swift in Sources */,
				AA000010 /* MainTabView.swift in Sources */,
				AA000011 /* DashboardView.swift in Sources */,
				AA000064 /* AIContractGeneratorView.swift in Sources */,
				AA000012 /* CarsView.swift in Sources */,
				AA000013 /* SettingsView.swift in Sources */,
				AA000014 /* GlassCard.swift in Sources */,
				AA000015 /* MetricCard.swift in Sources */,
				AA000016 /* CircularGauge.swift in Sources */,
				AA000017 /* StatusBadge.swift in Sources */,
				AA000018 /* LiquidGlassTabBar.swift in Sources */,
				AA000019 /* CarRow.swift in Sources */,
				AA000020 /* SectionHeader.swift in Sources */,
				AA000021 /* MockData.swift in Sources */,
				AA000023 /* RemoteAssets.swift in Sources */,
				AA000024 /* ShowroomBannerView.swift in Sources */,
				AA000025 /* DealershipStatsViewModel.swift in Sources */,
				AA000026 /* DealershipStatComponents.swift in Sources */,
				AA000027 /* PremiumGlass.swift in Sources */,
				AA000028 /* ChatView.swift in Sources */,
				AA000029 /* SearchView.swift in Sources */,
				AA000030 /* ChatThread.swift in Sources */,
				AA000033 /* ChatInboxStore.swift in Sources */,
				AA000031 /* ChatConversationView.swift in Sources */,
				AA000032 /* ChatAvatarViews.swift in Sources */,
				AA000035 /* SupabaseClientProvider.swift in Sources */,
				AA000083 /* RemotePushRegistration.swift in Sources */,
				AA000065 /* AnthropicContractClient.swift in Sources */,
				AA000070 /* ContractTemplateLoader.swift in Sources */,
				AA000071 /* ContractPDFExporter.swift in Sources */,
				AA000056 /* UserProfileService.swift in Sources */,
				AA000036 /* AuthViewModel.swift in Sources */,
				AA000037 /* LoginView.swift in Sources */,
				AA000038 /* AuthRootView.swift in Sources */,
				AA000039 /* VehicleRow.swift in Sources */,
				AA000040 /* VehiclesService.swift in Sources */,
				AA000057 /* VehicleImageDiagnostics.swift in Sources */,
				AA000041 /* CarThumbnailView.swift in Sources */,
				AA000042 /* VehicleImageResolution.swift in Sources */,
				AA000043 /* LeadCrm.swift in Sources */,
				AA000044 /* LeadsCrmService.swift in Sources */,
				AA000045 /* LeadsViewModel.swift in Sources */,
				AA000046 /* LeadsListView.swift in Sources */,
				AA000047 /* CarBrowseModels.swift in Sources */,
				AA000066 /* AIContractDocumentKind.swift in Sources */,
				AA000048 /* Car+Browse.swift in Sources */,
				AA000049 /* CarUIImageLoader.swift in Sources */,
				A1B2C3D401234567 /* ImageCacheService.swift in Sources */,
				AA000050 /* CarListingCard.swift in Sources */,
				AA000051 /* CarBrowseSheets.swift in Sources */,
				AA000052 /* CarImageSlot.swift in Sources */,
				AA000053 /* CarsBrowseHeaderBar.swift in Sources */,
				AA000054 /* RevolutBackgroundView.swift in Sources */,
				AA000059 /* DashboardHomeVideoBackdrop.swift in Sources */,
				AA000055 /* DashboardHomeNotificationsSection.swift in Sources */,
				AA000060 /* AppPINKeychain.swift in Sources */,
				AA000061 /* AppLockManager.swift in Sources */,
				AA000062 /* LockScreenView.swift in Sources */,
				AA000063 /* PINSetupView.swift in Sources */,
				AA000072 /* CommunityProfilesService.swift in Sources */,
				AA000073 /* DashboardLocationHub.swift in Sources */,
				AA000074 /* DashboardCommunityViewModel.swift in Sources */,
				AA000075 /* DashboardHomeRevolutSections.swift in Sources */,
				AA000077 /* InvoiceHistoryStore.swift in Sources */,
				AA000078 /* DashboardHubScreens.swift in Sources */,
				AA000080 /* TeamLocationMapViews.swift in Sources */,
				AA000081 /* LiveSpeechTranscriber.swift in Sources */,
				AA000086 /* GIFAnimatedView.swift in Sources */,
				AA000087 /* LoopingMutedBundledVideoView.swift in Sources */,
			);
			runOnlyForDeploymentPostprocessing = 0;
		};
/* End PBXSourcesBuildPhase section */

/* Begin XCBuildConfiguration section */
		AF000001D /* Debug */ = {
			isa = XCBuildConfiguration;
			buildSettings = {
				ALWAYS_SEARCH_USER_PATHS = NO;
				ASSETCATALOG_COMPILER_GENERATE_SWIFT_ASSET_SYMBOL_EXTENSIONS = YES;
				CLANG_ANALYZER_NONNULL = YES;
				CLANG_ANALYZER_NUMBER_OBJECT_CONVERSION = YES_AGGRESSIVE;
				CLANG_CXX_LANGUAGE_STANDARD = "gnu++20";
				CLANG_ENABLE_MODULES = YES;
				CLANG_ENABLE_OBJC_ARC = YES;
				CLANG_ENABLE_OBJC_WEAK = YES;
				CLANG_WARN_BLOCK_CAPTURE_AUTORELEASING = YES;
				CLANG_WARN_BOOL_CONVERSION = YES;
				CLANG_WARN_COMMA = YES;
				CLANG_WARN_CONSTANT_CONVERSION = YES;
				CLANG_WARN_DEPRECATED_OBJC_IMPLEMENTATIONS = YES;
				CLANG_WARN_DIRECT_OBJC_ISA_USAGE = YES_ERROR;
				CLANG_WARN_DOCUMENTATION_COMMENTS = YES;
				CLANG_WARN_EMPTY_BODY = YES;
				CLANG_WARN_ENUM_CONVERSION = YES;
				CLANG_WARN_INFINITE_RECURSION = YES;
				CLANG_WARN_INT_CONVERSION = YES;
				CLANG_WARN_NON_LITERAL_NULL_CONVERSION = YES;
				CLANG_WARN_OBJC_IMPLICIT_RETAIN_SELF = YES;
				CLANG_WARN_OBJC_LITERAL_CONVERSION = YES;
				CLANG_WARN_OBJC_ROOT_CLASS = YES_ERROR;
				CLANG_WARN_QUOTED_INCLUDE_IN_FRAMEWORK_HEADER = YES;
				CLANG_WARN_RANGE_LOOP_ANALYSIS = YES;
				CLANG_WARN_STRICT_PROTOTYPES = YES;
				CLANG_WARN_SUSPICIOUS_MOVE = YES;
				CLANG_WARN_UNGUARDED_AVAILABILITY = YES_AGGRESSIVE;
				CLANG_WARN_UNREACHABLE_CODE = YES;
				CLANG_WARN__DUPLICATE_METHOD_MATCH = YES;
				COPY_PHASE_STRIP = NO;
				DEBUG_INFORMATION_FORMAT = dwarf;
				ENABLE_STRICT_OBJC_MSGSEND = YES;
				ENABLE_TESTABILITY = YES;
				ENABLE_USER_SCRIPT_SANDBOXING = YES;
				GCC_C_LANGUAGE_STANDARD = gnu17;
				GCC_DYNAMIC_NO_PIC = NO;
				GCC_NO_COMMON_BLOCKS = YES;
				GCC_OPTIMIZATION_LEVEL = 0;
				GCC_PREPROCESSOR_DEFINITIONS = (
					"DEBUG=1",
					"$(inherited)",
				);
				GCC_WARN_64_TO_32_BIT_CONVERSION = YES;
				GCC_WARN_ABOUT_RETURN_TYPE = YES_ERROR;
				GCC_WARN_UNDECLARED_SELECTOR = YES;
				GCC_WARN_UNINITIALIZED_AUTOS = YES_AGGRESSIVE;
				GCC_WARN_UNUSED_FUNCTION = YES;
				GCC_WARN_UNUSED_VARIABLE = YES;
				IPHONEOS_DEPLOYMENT_TARGET = 26.0;
				LOCALIZATION_PREFERS_STRING_CATALOGS = YES;
				MTL_ENABLE_DEBUG_INFO = INCLUDE_SOURCE;
				MTL_FAST_MATH = YES;
				ONLY_ACTIVE_ARCH = YES;
				SDKROOT = iphoneos;
				SWIFT_ACTIVE_COMPILATION_CONDITIONS = "DEBUG $(inherited)";
				SWIFT_ENABLE_EXPLICIT_MODULES = NO;
				SWIFT_OPTIMIZATION_LEVEL = "-Onone";
			};
			name = Debug;
		};
		AF000001R /* Release */ = {
			isa = XCBuildConfiguration;
			buildSettings = {
				ALWAYS_SEARCH_USER_PATHS = NO;
				ASSETCATALOG_COMPILER_GENERATE_SWIFT_ASSET_SYMBOL_EXTENSIONS = YES;
				CLANG_ANALYZER_NONNULL = YES;
				CLANG_ANALYZER_NUMBER_OBJECT_CONVERSION = YES_AGGRESSIVE;
				CLANG_CXX_LANGUAGE_STANDARD = "gnu++20";
				CLANG_ENABLE_MODULES = YES;
				CLANG_ENABLE_OBJC_ARC = YES;
				CLANG_ENABLE_OBJC_WEAK = YES;
				CLANG_WARN_BLOCK_CAPTURE_AUTORELEASING = YES;
				CLANG_WARN_BOOL_CONVERSION = YES;
				CLANG_WARN_COMMA = YES;
				CLANG_WARN_CONSTANT_CONVERSION = YES;
				CLANG_WARN_DEPRECATED_OBJC_IMPLEMENTATIONS = YES;
				CLANG_WARN_DIRECT_OBJC_ISA_USAGE = YES_ERROR;
				CLANG_WARN_DOCUMENTATION_COMMENTS = YES;
				CLANG_WARN_EMPTY_BODY = YES;
				CLANG_WARN_ENUM_CONVERSION = YES;
				CLANG_WARN_INFINITE_RECURSION = YES;
				CLANG_WARN_INT_CONVERSION = YES;
				CLANG_WARN_NON_LITERAL_NULL_CONVERSION = YES;
				CLANG_WARN_OBJC_IMPLICIT_RETAIN_SELF = YES;
				CLANG_WARN_OBJC_LITERAL_CONVERSION = YES;
				CLANG_WARN_OBJC_ROOT_CLASS = YES_ERROR;
				CLANG_WARN_QUOTED_INCLUDE_IN_FRAMEWORK_HEADER = YES;
				CLANG_WARN_RANGE_LOOP_ANALYSIS = YES;
				CLANG_WARN_STRICT_PROTOTYPES = YES;
				CLANG_WARN_SUSPICIOUS_MOVE = YES;
				CLANG_WARN_UNGUARDED_AVAILABILITY = YES_AGGRESSIVE;
				CLANG_WARN_UNREACHABLE_CODE = YES;
				CLANG_WARN__DUPLICATE_METHOD_MATCH = YES;
				COPY_PHASE_STRIP = NO;
				DEBUG_INFORMATION_FORMAT = "dwarf-with-dsym";
				ENABLE_NS_ASSERTIONS = NO;
				ENABLE_STRICT_OBJC_MSGSEND = YES;
				ENABLE_USER_SCRIPT_SANDBOXING = YES;
				GCC_C_LANGUAGE_STANDARD = gnu17;
				GCC_NO_COMMON_BLOCKS = YES;
				GCC_WARN_64_TO_32_BIT_CONVERSION = YES;
				GCC_WARN_ABOUT_RETURN_TYPE = YES_ERROR;
				GCC_WARN_UNDECLARED_SELECTOR = YES;
				GCC_WARN_UNINITIALIZED_AUTOS = YES_AGGRESSIVE;
				GCC_WARN_UNUSED_FUNCTION = YES;
				GCC_WARN_UNUSED_VARIABLE = YES;
				IPHONEOS_DEPLOYMENT_TARGET = 26.0;
				LOCALIZATION_PREFERS_STRING_CATALOGS = YES;
				MTL_ENABLE_DEBUG_INFO = NO;
				MTL_FAST_MATH = YES;
				SDKROOT = iphoneos;
				SWIFT_COMPILATION_MODE = wholemodule;
				SWIFT_ENABLE_EXPLICIT_MODULES = NO;
				VALIDATE_PRODUCT = YES;
			};
			name = Release;
		};
		AF000002D /* Debug */ = {
			isa = XCBuildConfiguration;
			baseConfigurationReference = AB000065 /* DeveloperSettings.xcconfig */;
			buildSettings = {
				ASSETCATALOG_COMPILER_APPICON_NAME = AppIcon;
				ASSETCATALOG_COMPILER_GLOBAL_ACCENT_COLOR_NAME = AccentColor;
				CODE_SIGN_ENTITLEMENTS = CarDashboardApp/CarDashboardApp.entitlements;
				CODE_SIGN_IDENTITY = "Apple Development";
				CODE_SIGN_STYLE = Automatic;
				CURRENT_PROJECT_VERSION = 2;
				DEVELOPMENT_TEAM = D92F49ZXPK;
				GENERATE_INFOPLIST_FILE = YES;
				INFOPLIST_FILE = CarDashboardApp/ExtraInfo.plist;
				INFOPLIST_KEY_CFBundleDisplayName = Carhub365;
				INFOPLIST_KEY_NSFaceIDUsageDescription = "Usamos Face ID para proteger el acceso a tu panel de vehículo";
				INFOPLIST_KEY_NSLocationWhenInUseUsageDescription = "Usamos tu ubicación para mostrarte en el mapa del equipo y compartirla con otros usuarios de la plataforma.";
				INFOPLIST_KEY_UIApplicationSceneManifest_Generation = NO;
				INFOPLIST_KEY_UIApplicationSupportsIndirectInputEvents = YES;
				INFOPLIST_KEY_UILaunchScreen_Generation = YES;
				INFOPLIST_KEY_UISupportedInterfaceOrientations_iPad = "UIInterfaceOrientationPortrait UIInterfaceOrientationPortraitUpsideDown UIInterfaceOrientationLandscapeLeft UIInterfaceOrientationLandscapeRight";
				INFOPLIST_KEY_UISupportedInterfaceOrientations_iPhone = UIInterfaceOrientationPortrait;
				LD_RUNPATH_SEARCH_PATHS = (
					"$(inherited)",
					"@executable_path/Frameworks",
				);
				MARKETING_VERSION = 1.0.1;
				PRODUCT_BUNDLE_IDENTIFIER = com.carhub.app;
				PRODUCT_NAME = "$(TARGET_NAME)";
				PROVISIONING_PROFILE_SPECIFIER = "";
				SWIFT_EMIT_LOC_STRINGS = YES;
				SWIFT_VERSION = 5.0;
				TARGETED_DEVICE_FAMILY = "1,2";
			};
			name = Debug;
		};
		AF000002R /* Release */ = {
			isa = XCBuildConfiguration;
			baseConfigurationReference = AB000065 /* DeveloperSettings.xcconfig */;
			buildSettings = {
				ASSETCATALOG_COMPILER_APPICON_NAME = AppIcon;
				ASSETCATALOG_COMPILER_GLOBAL_ACCENT_COLOR_NAME = AccentColor;
				CODE_SIGN_ENTITLEMENTS = CarDashboardApp/CarDashboardApp-Release.entitlements;
				CODE_SIGN_IDENTITY = "Apple Development";
				CODE_SIGN_STYLE = Automatic;
				CURRENT_PROJECT_VERSION = 2;
				DEVELOPMENT_TEAM = D92F49ZXPK;
				GENERATE_INFOPLIST_FILE = YES;
				INFOPLIST_FILE = CarDashboardApp/ExtraInfo.plist;
				INFOPLIST_KEY_CFBundleDisplayName = Carhub365;
				INFOPLIST_KEY_NSFaceIDUsageDescription = "Usamos Face ID para proteger el acceso a tu panel de vehículo";
				INFOPLIST_KEY_NSLocationWhenInUseUsageDescription = "Usamos tu ubicación para mostrarte en el mapa del equipo y compartirla con otros usuarios de la plataforma.";
				INFOPLIST_KEY_UIApplicationSceneManifest_Generation = NO;
				INFOPLIST_KEY_UIApplicationSupportsIndirectInputEvents = YES;
				INFOPLIST_KEY_UILaunchScreen_Generation = YES;
				INFOPLIST_KEY_UISupportedInterfaceOrientations_iPad = "UIInterfaceOrientationPortrait UIInterfaceOrientationPortraitUpsideDown UIInterfaceOrientationLandscapeLeft UIInterfaceOrientationLandscapeRight";
				INFOPLIST_KEY_UISupportedInterfaceOrientations_iPhone = UIInterfaceOrientationPortrait;
				LD_RUNPATH_SEARCH_PATHS = (
					"$(inherited)",
					"@executable_path/Frameworks",
				);
				MARKETING_VERSION = 1.0.1;
				PRODUCT_BUNDLE_IDENTIFIER = com.carhub.app;
				PRODUCT_NAME = "$(TARGET_NAME)";
				PROVISIONING_PROFILE_SPECIFIER = "";
				SWIFT_EMIT_LOC_STRINGS = YES;
				SWIFT_VERSION = 5.0;
				TARGETED_DEVICE_FAMILY = "1,2";
			};
			name = Release;
		};
/* End XCBuildConfiguration section */

/* Begin XCConfigurationList section */
		AF000001 /* Build configuration list for PBXProject "CarDashboardApp" */ = {
			isa = XCConfigurationList;
			buildConfigurations = (
				AF000001D /* Debug */,
				AF000001R /* Release */,
			);
			defaultConfigurationIsVisible = 0;
			defaultConfigurationName = Release;
		};
		AF000003 /* Build configuration list for PBXNativeTarget "CarDashboardApp" */ = {
			isa = XCConfigurationList;
			buildConfigurations = (
				AF000002D /* Debug */,
				AF000002R /* Release */,
			);
			defaultConfigurationIsVisible = 0;
			defaultConfigurationName = Release;
		};
/* End XCConfigurationList section */

/* Begin XCRemoteSwiftPackageReference section */
		AG000001 /* XCRemoteSwiftPackageReference "supabase-swift" */ = {
			isa = XCRemoteSwiftPackageReference;
			repositoryURL = "https://github.com/supabase/supabase-swift.git";
			requirement = {
				kind = upToNextMajorVersion;
				minimumVersion = 2.18.0;
			};
		};
/* End XCRemoteSwiftPackageReference section */

/* Begin XCSwiftPackageProductDependency section */
		AG000002 /* Supabase */ = {
			isa = XCSwiftPackageProductDependency;
			package = AG000001 /* XCRemoteSwiftPackageReference "supabase-swift" */;
			productName = Supabase;
		};
/* End XCSwiftPackageProductDependency section */
	};
	rootObject = AE000000 /* Project object */;
}
